<?xml version="1.0" encoding="UTF-8"?>
<!DOCTYPE plist PUBLIC "-//Apple//DTD PLIST 1.0//EN" "http://www.apple.com/DTDs/PropertyList-1.0.dtd">
<plist version="1.0">
<dict>
	<key>archiveVersion</key>
	<string>1</string>
	<key>classes</key>
	<dict/>
	<key>objectVersion</key>
	<string>46</string>
	<key>objects</key>
	<dict>
		<key>01b1d7a1fd9c1e5c5d59923c</key>
		<dict>
			<key>isa</key>
			<string>PBXBuildFile</string>
		</dict>
		<key>01c5c2fb78d18a5f5113e2e8</key>
		<dict>
			<key>FileEncoding</key>
			<string>4</string>
			<key>isa</key>
			<string>PBXFileReference</string>
			<key>lastKnownFileType</key>
			<string>sourcecode.c.h</string>
			<key>path</key>
			<string>PKRewardGrant.h</string>
			<key>sourceTree</key>
			<string>&lt;group&gt;</string>
		</dict>
		<key>04d7cbf756ef29a1698b2239</key>
		<dict>
			<key>fileRef</key>
			<string>1e8dacd944b415a484272b85</string>
			<key>isa</key>
			<string>PBXBuildFile</string>
		</dict>
		<key>05051cd7a9994b39609924b8</key>
		<dict>
			<key>FileEncoding</key>
			<string>4</string>
			<key>isa</key>
			<string>PBXFileReference</string>
			<key>lastKnownFileType</key>
			<string>sourcecode.c.h</string>
			<key>path</key>
			<string>PKPunchRewardConfirmation.h</string>
			<key>sourceTree</key>
			<string>&lt;group&gt;</string>
		</dict>
		<key>0556ab8586fba3b365432747</key>
		<dict>
			<key>FileEncoding</key>
			<string>4</string>
			<key>isa</key>
			<string>PBXFileReference</string>
			<key>lastKnownFileType</key>
			<string>sourcecode.c.objc</string>
			<key>path</key>
			<string>PKClerk.m</string>
			<key>sourceTree</key>
			<string>&lt;group&gt;</string>
		</dict>
		<key>09f036b316a2f3bd5e092818</key>
		<dict>
			<key>FileEncoding</key>
			<string>4</string>
			<key>isa</key>
			<string>PBXFileReference</string>
			<key>lastKnownFileType</key>
			<string>sourcecode.c.h</string>
			<key>path</key>
			<string>PKInternalUser.h</string>
			<key>sourceTree</key>
			<string>&lt;group&gt;</string>
		</dict>
		<key>0c5ab3f081c17c8f7c717ff4</key>
		<dict>
			<key>FileEncoding</key>
			<string>4</string>
			<key>isa</key>
			<string>PBXFileReference</string>
			<key>lastKnownFileType</key>
			<string>sourcecode.c.h</string>
			<key>path</key>
			<string>PKBaseApi.h</string>
			<key>sourceTree</key>
			<string>&lt;group&gt;</string>
		</dict>
		<key>0e4e22eb63099c251897764b</key>
		<dict>
			<key>fileRef</key>
			<string>c1074e61c3fb4d8995d49812</string>
			<key>isa</key>
			<string>PBXBuildFile</string>
		</dict>
		<key>0ee3acfdce538f3934c684e9</key>
		<dict>
			<key>isa</key>
			<string>PBXBuildFile</string>
		</dict>
		<key>10073bc89641162393b335ce</key>
		<dict>
			<key>fileRef</key>
			<string>92f732509cb3669539a2fee6</string>
			<key>isa</key>
			<string>PBXBuildFile</string>
		</dict>
		<key>104a9a99590a8f640a83f13e</key>
		<dict>
			<key>isa</key>
			<string>PBXBuildFile</string>
		</dict>
		<key>109203910f62f571a96da7f3</key>
		<dict>
			<key>fileRef</key>
			<string>885488a72cbc5feaff850f93</string>
			<key>isa</key>
			<string>PBXBuildFile</string>
		</dict>
		<key>1112ebd65bc2a4c6182cb166</key>
		<dict>
			<key>fileRef</key>
			<string>4461b6aadcf9e041c8c3eb17</string>
			<key>isa</key>
			<string>PBXBuildFile</string>
		</dict>
		<key>11bef3c6e6011440bef854a7</key>
		<dict>
			<key>FileEncoding</key>
			<string>4</string>
			<key>isa</key>
			<string>PBXFileReference</string>
			<key>lastKnownFileType</key>
			<string>sourcecode.c.h</string>
			<key>path</key>
			<string>PKRewardAdvancement.h</string>
			<key>sourceTree</key>
			<string>&lt;group&gt;</string>
		</dict>
		<key>11ead2210b450781652d0d94</key>
		<dict>
			<key>fileRef</key>
			<string>ffd6859f371c0b4c8ef19afb</string>
			<key>isa</key>
			<string>PBXBuildFile</string>
		</dict>
		<key>140ffb1d83e80e7901ef7272</key>
		<dict>
			<key>fileRef</key>
			<string>163c3420bd9e94db2813509c</string>
			<key>isa</key>
			<string>PBXBuildFile</string>
		</dict>
		<key>163c3420bd9e94db2813509c</key>
		<dict>
			<key>FileEncoding</key>
			<string>4</string>
			<key>isa</key>
			<string>PBXFileReference</string>
			<key>lastKnownFileType</key>
			<string>sourcecode.c.objc</string>
			<key>path</key>
			<string>PKMerchantLocation.m</string>
			<key>sourceTree</key>
			<string>&lt;group&gt;</string>
		</dict>
		<key>1682bc98f29a28b650dde414</key>
		<dict>
			<key>fileRef</key>
			<string>1f2a5152a6838c170b9705f8</string>
			<key>isa</key>
			<string>PBXBuildFile</string>
		</dict>
		<key>16e662010ca042f92c05afd7</key>
		<dict>
			<key>FileEncoding</key>
			<string>4</string>
			<key>isa</key>
			<string>PBXFileReference</string>
			<key>lastKnownFileType</key>
			<string>sourcecode.c.h</string>
			<key>path</key>
			<string>PKAbstractRewardConfirmation.h</string>
			<key>sourceTree</key>
			<string>&lt;group&gt;</string>
		</dict>
		<key>170efc52093b20f6edd18214</key>
		<dict>
			<key>isa</key>
			<string>PBXBuildFile</string>
		</dict>
		<key>199a924754f56a0cf2e6246b</key>
		<dict>
			<key>isa</key>
			<string>PBXBuildFile</string>
		</dict>
		<key>199b74c3705abbac3b7ba2a6</key>
		<dict>
			<key>isa</key>
			<string>PBXBuildFile</string>
		</dict>
		<key>19a6fbc25b8a91c9c79615e8</key>
		<dict>
			<key>FileEncoding</key>
			<string>4</string>
			<key>isa</key>
			<string>PBXFileReference</string>
			<key>lastKnownFileType</key>
			<string>sourcecode.c.h</string>
			<key>path</key>
			<string>PKClerk.h</string>
			<key>sourceTree</key>
			<string>&lt;group&gt;</string>
		</dict>
		<key>1b5ce15eaff3ea466d5bdf23</key>
		<dict>
			<key>FileEncoding</key>
			<string>4</string>
			<key>isa</key>
			<string>PBXFileReference</string>
			<key>lastKnownFileType</key>
			<string>sourcecode.c.h</string>
			<key>path</key>
			<string>PKOutboundMessage.h</string>
			<key>sourceTree</key>
			<string>&lt;group&gt;</string>
		</dict>
		<key>1b97a69656565890012d1c97</key>
		<dict>
			<key>FileEncoding</key>
			<string>4</string>
			<key>isa</key>
			<string>PBXFileReference</string>
			<key>lastKnownFileType</key>
			<string>sourcecode.c.objc</string>
			<key>path</key>
			<string>PKCompositeTarget.m</string>
			<key>sourceTree</key>
			<string>&lt;group&gt;</string>
		</dict>
		<key>1cecfc296c258084f2359068</key>
		<dict>
			<key>FileEncoding</key>
			<string>4</string>
			<key>isa</key>
			<string>PBXFileReference</string>
			<key>lastKnownFileType</key>
			<string>sourcecode.c.h</string>
			<key>path</key>
			<string>PKBaseEntityGlobal.h</string>
			<key>sourceTree</key>
			<string>&lt;group&gt;</string>
		</dict>
		<key>1dd94817b9e9d42a756838de</key>
		<dict>
			<key>fileRef</key>
			<string>339fae2b20de8c38b86a1df4</string>
			<key>isa</key>
			<string>PBXBuildFile</string>
		</dict>
		<key>1e320c620277736eb118db28</key>
		<dict>
			<key>isa</key>
			<string>PBXBuildFile</string>
		</dict>
		<key>1e8dacd944b415a484272b85</key>
		<dict>
			<key>FileEncoding</key>
			<string>4</string>
			<key>isa</key>
			<string>PBXFileReference</string>
			<key>lastKnownFileType</key>
			<string>sourcecode.c.objc</string>
			<key>path</key>
			<string>PKBaseEntityGlobal.m</string>
			<key>sourceTree</key>
			<string>&lt;group&gt;</string>
		</dict>
		<key>1f2a5152a6838c170b9705f8</key>
		<dict>
			<key>FileEncoding</key>
			<string>4</string>
			<key>isa</key>
			<string>PBXFileReference</string>
			<key>lastKnownFileType</key>
			<string>sourcecode.c.objc</string>
			<key>path</key>
			<string>PKStreetAddress.m</string>
			<key>sourceTree</key>
			<string>&lt;group&gt;</string>
		</dict>
		<key>1f5035998617cd537a1af32b</key>
		<dict>
			<key>fileRef</key>
			<string>b4e32ac83faa700f73eb2331</string>
			<key>isa</key>
			<string>PBXBuildFile</string>
		</dict>
		<key>2016a92f6482b936f2eb5bb4</key>
		<dict>
			<key>fileRef</key>
			<string>2b7870b0e023f4d65e815644</string>
			<key>isa</key>
			<string>PBXBuildFile</string>
		</dict>
		<key>206b9beaedf5b04bedb0fca8</key>
		<dict>
			<key>FileEncoding</key>
			<string>4</string>
			<key>isa</key>
			<string>PBXFileReference</string>
			<key>lastKnownFileType</key>
			<string>sourcecode.c.objc</string>
			<key>path</key>
			<string>PKPushMessage.m</string>
			<key>sourceTree</key>
			<string>&lt;group&gt;</string>
		</dict>
		<key>23dbc89c01b42fb26c08722f</key>
		<dict>
			<key>FileEncoding</key>
			<string>4</string>
			<key>isa</key>
			<string>PBXFileReference</string>
			<key>lastKnownFileType</key>
			<string>sourcecode.c.objc</string>
			<key>path</key>
			<string>PKSocialListTarget.m</string>
			<key>sourceTree</key>
			<string>&lt;group&gt;</string>
		</dict>
		<key>257f2a8fe059add2dcecb6f1</key>
		<dict>
			<key>fileRef</key>
			<string>23dbc89c01b42fb26c08722f</string>
			<key>isa</key>
			<string>PBXBuildFile</string>
		</dict>
		<key>26e556f50529a0e27a1b9214</key>
		<dict>
			<key>FileEncoding</key>
			<string>4</string>
			<key>isa</key>
			<string>PBXFileReference</string>
			<key>lastKnownFileType</key>
			<string>sourcecode.c.objc</string>
			<key>path</key>
			<string>PKSmsOutboundMessage.m</string>
			<key>sourceTree</key>
			<string>&lt;group&gt;</string>
		</dict>
		<key>27fcf05ae48a550ac9ddc782</key>
		<dict>
			<key>FileEncoding</key>
			<string>4</string>
			<key>isa</key>
			<string>PBXFileReference</string>
			<key>lastKnownFileType</key>
			<string>sourcecode.c.h</string>
			<key>path</key>
			<string>PKMerchantLocation.h</string>
			<key>sourceTree</key>
			<string>&lt;group&gt;</string>
		</dict>
		<key>2a3ab9b02e354d6dce7b6f33</key>
		<dict>
			<key>fileRef</key>
			<string>f46987707322d3338b6e3d3a</string>
			<key>isa</key>
			<string>PBXBuildFile</string>
		</dict>
		<key>2abbbb5c6b49d5bf8550e946</key>
		<dict>
			<key>FileEncoding</key>
			<string>4</string>
			<key>isa</key>
			<string>PBXFileReference</string>
			<key>lastKnownFileType</key>
			<string>sourcecode.c.h</string>
			<key>path</key>
			<string>PKCouponVisibility.h</string>
			<key>sourceTree</key>
			<string>&lt;group&gt;</string>
		</dict>
		<key>2abc94fec2c86f67ee9eff73</key>
		<dict>
			<key>fileRef</key>
			<string>d9ba8631ae43a516aba63325</string>
			<key>isa</key>
			<string>PBXBuildFile</string>
		</dict>
		<key>2ace7d010132c0148f266ce6</key>
		<dict>
			<key>FileEncoding</key>
			<string>4</string>
			<key>isa</key>
			<string>PBXFileReference</string>
			<key>lastKnownFileType</key>
			<string>sourcecode.c.h</string>
			<key>path</key>
			<string>PKTierTarget.h</string>
			<key>sourceTree</key>
			<string>&lt;group&gt;</string>
		</dict>
		<key>2b613f0193c270dcc03aeb47</key>
		<dict>
			<key>isa</key>
			<string>PBXBuildFile</string>
		</dict>
		<key>2b7870b0e023f4d65e815644</key>
		<dict>
			<key>FileEncoding</key>
			<string>4</string>
			<key>isa</key>
			<string>PBXFileReference</string>
			<key>lastKnownFileType</key>
			<string>sourcecode.c.objc</string>
			<key>path</key>
			<string>PKPointsActivityConfirmation.m</string>
			<key>sourceTree</key>
			<string>&lt;group&gt;</string>
		</dict>
		<key>2beca0a1e817c1679b0ea148</key>
		<dict>
			<key>FileEncoding</key>
			<string>4</string>
			<key>isa</key>
			<string>PBXFileReference</string>
			<key>lastKnownFileType</key>
			<string>sourcecode.c.h</string>
			<key>path</key>
			<string>PKPointsActivityConfirmation.h</string>
			<key>sourceTree</key>
			<string>&lt;group&gt;</string>
		</dict>
		<key>2c5cac0d3c56b24a2f9d8a6e</key>
		<dict>
			<key>fileRef</key>
			<string>2db3c1797f056dd11021304d</string>
			<key>isa</key>
			<string>PBXBuildFile</string>
		</dict>
		<key>2d4d6d70ce29a5fc50a74433</key>
		<dict>
			<key>FileEncoding</key>
			<string>4</string>
			<key>isa</key>
			<string>PBXFileReference</string>
			<key>lastKnownFileType</key>
			<string>sourcecode.c.objc</string>
			<key>path</key>
			<string>PKPointsCatalogItem.m</string>
			<key>sourceTree</key>
			<string>&lt;group&gt;</string>
		</dict>
		<key>2db3c1797f056dd11021304d</key>
		<dict>
			<key>FileEncoding</key>
			<string>4</string>
			<key>isa</key>
			<string>PBXFileReference</string>
			<key>lastKnownFileType</key>
			<string>sourcecode.c.objc</string>
			<key>path</key>
			<string>PKEntityAnnotation.m</string>
			<key>sourceTree</key>
			<string>&lt;group&gt;</string>
		</dict>
		<key>2e1a5639961a4b35603b0533</key>
		<dict>
			<key>fileRef</key>
			<string>811851d8fee3c1a5c16da292</string>
			<key>isa</key>
			<string>PBXBuildFile</string>
		</dict>
		<key>2f5ddec44ad56a51a91a2f5b</key>
		<dict>
			<key>isa</key>
			<string>PBXBuildFile</string>
		</dict>
		<key>30e949178e8348e1b3eb6514</key>
		<dict>
			<key>FileEncoding</key>
			<string>4</string>
			<key>isa</key>
			<string>PBXFileReference</string>
			<key>lastKnownFileType</key>
			<string>sourcecode.c.h</string>
			<key>path</key>
			<string>PKCoupon.h</string>
			<key>sourceTree</key>
			<string>&lt;group&gt;</string>
		</dict>
		<key>339fae2b20de8c38b86a1df4</key>
		<dict>
			<key>FileEncoding</key>
			<string>4</string>
			<key>isa</key>
			<string>PBXFileReference</string>
			<key>lastKnownFileType</key>
			<string>sourcecode.c.objc</string>
			<key>path</key>
			<string>PKBaseApi.m</string>
			<key>sourceTree</key>
			<string>&lt;group&gt;</string>
		</dict>
		<key>343bdf8482be3533e7f5233c</key>
		<dict>
			<key>isa</key>
			<string>PBXBuildFile</string>
		</dict>
		<key>347b18ae7f094f28b39e2d41</key>
		<dict>
			<key>isa</key>
			<string>PBXBuildFile</string>
		</dict>
		<key>351fc61240d81c054593ee82</key>
		<dict>
			<key>isa</key>
			<string>PBXBuildFile</string>
		</dict>
		<key>3704ae4c66958e480757d6e6</key>
		<dict>
			<key>isa</key>
			<string>PBXBuildFile</string>
		</dict>
		<key>39be48ade450184e60a25916</key>
		<dict>
			<key>FileEncoding</key>
			<string>4</string>
			<key>isa</key>
			<string>PBXFileReference</string>
			<key>lastKnownFileType</key>
			<string>sourcecode.c.objc</string>
			<key>path</key>
			<string>PKAbstractUser.m</string>
			<key>sourceTree</key>
			<string>&lt;group&gt;</string>
		</dict>
		<key>3b9a21bac0eed24579a19b08</key>
		<dict>
			<key>FileEncoding</key>
			<string>4</string>
			<key>isa</key>
			<string>PBXFileReference</string>
			<key>lastKnownFileType</key>
			<string>sourcecode.c.h</string>
			<key>path</key>
			<string>PKPhysicalRedemptionTarget.h</string>
			<key>sourceTree</key>
			<string>&lt;group&gt;</string>
		</dict>
		<key>3baa457fa159b8ca1b46d37c</key>
		<dict>
			<key>FileEncoding</key>
			<string>4</string>
			<key>isa</key>
			<string>PBXFileReference</string>
			<key>lastKnownFileType</key>
			<string>sourcecode.c.objc</string>
			<key>path</key>
			<string>PKNobodyTarget.m</string>
			<key>sourceTree</key>
			<string>&lt;group&gt;</string>
		</dict>
		<key>3bcc6ce44ed744a45a268c21</key>
		<dict>
			<key>fileRef</key>
			<string>b9b245461a0ceeaa141aa001</string>
			<key>isa</key>
			<string>PBXBuildFile</string>
		</dict>
		<key>3e019fdb17e6fe0dbdf2a72e</key>
		<dict>
			<key>fileRef</key>
			<string>1b97a69656565890012d1c97</string>
			<key>isa</key>
			<string>PBXBuildFile</string>
		</dict>
		<key>402352bb8fca8ceb615ca738</key>
		<dict>
			<key>isa</key>
			<string>PBXBuildFile</string>
		</dict>
		<key>40e490cf2fd9bcc63d22715f</key>
		<dict>
			<key>fileRef</key>
			<string>6146abad43334e031d31675d</string>
			<key>isa</key>
			<string>PBXBuildFile</string>
		</dict>
		<key>4311e00b89734e9b68104511</key>
		<dict>
			<key>FileEncoding</key>
			<string>4</string>
			<key>isa</key>
			<string>PBXFileReference</string>
			<key>lastKnownFileType</key>
			<string>sourcecode.c.h</string>
			<key>path</key>
			<string>PKIdleCustomerTarget.h</string>
			<key>sourceTree</key>
			<string>&lt;group&gt;</string>
		</dict>
		<key>4461b6aadcf9e041c8c3eb17</key>
		<dict>
			<key>FileEncoding</key>
			<string>4</string>
			<key>isa</key>
			<string>PBXFileReference</string>
			<key>lastKnownFileType</key>
			<string>sourcecode.c.objc</string>
			<key>path</key>
			<string>PKTierTraversalConfirmation.m</string>
			<key>sourceTree</key>
			<string>&lt;group&gt;</string>
		</dict>
		<key>44bc7279ffeb03fafb206b7a</key>
		<dict>
			<key>fileRef</key>
			<string>d98b5346c96b7798aaaa2dab</string>
			<key>isa</key>
			<string>PBXBuildFile</string>
		</dict>
		<key>46b17a9e9c70fafabdb74952</key>
		<dict>
			<key>FileEncoding</key>
			<string>4</string>
			<key>isa</key>
			<string>PBXFileReference</string>
			<key>lastKnownFileType</key>
			<string>sourcecode.c.h</string>
			<key>path</key>
			<string>PKConsoleMessage.h</string>
			<key>sourceTree</key>
			<string>&lt;group&gt;</string>
		</dict>
		<key>472de69835f0a158fd21712d</key>
		<dict>
			<key>FileEncoding</key>
			<string>4</string>
			<key>isa</key>
			<string>PBXFileReference</string>
			<key>lastKnownFileType</key>
			<string>sourcecode.c.h</string>
			<key>path</key>
			<string>PKMerchant.h</string>
			<key>sourceTree</key>
			<string>&lt;group&gt;</string>
		</dict>
		<key>47537a57e7bca31bcb779501</key>
		<dict>
			<key>FileEncoding</key>
			<string>4</string>
			<key>isa</key>
			<string>PBXFileReference</string>
			<key>lastKnownFileType</key>
			<string>sourcecode.c.objc</string>
			<key>path</key>
			<string>PKParticipationTarget.m</string>
			<key>sourceTree</key>
			<string>&lt;group&gt;</string>
		</dict>
		<key>497328caadbd19225a5450be</key>
		<dict>
			<key>FileEncoding</key>
			<string>4</string>
			<key>isa</key>
			<string>PBXFileReference</string>
			<key>lastKnownFileType</key>
			<string>sourcecode.c.h</string>
			<key>path</key>
			<string>PKVisit.h</string>
			<key>sourceTree</key>
			<string>&lt;group&gt;</string>
		</dict>
		<key>4a18e67cb88e9ca76d5ebd17</key>
		<dict>
			<key>fileRef</key>
			<string>a81012379330eadc39f9b4af</string>
			<key>isa</key>
			<string>PBXBuildFile</string>
		</dict>
		<key>4a354757d7e697192b2b6494</key>
		<dict>
			<key>FileEncoding</key>
			<string>4</string>
			<key>isa</key>
			<string>PBXFileReference</string>
			<key>lastKnownFileType</key>
			<string>sourcecode.c.h</string>
			<key>path</key>
			<string>PKIntegratorUser.h</string>
			<key>sourceTree</key>
			<string>&lt;group&gt;</string>
		</dict>
		<key>4bfd5ceb618b1454ddd3c698</key>
		<dict>
			<key>fileRef</key>
			<string>0556ab8586fba3b365432747</string>
			<key>isa</key>
			<string>PBXBuildFile</string>
		</dict>
		<key>4c253bd3881097ff7367628d</key>
		<dict>
			<key>FileEncoding</key>
			<string>4</string>
			<key>isa</key>
			<string>PBXFileReference</string>
			<key>lastKnownFileType</key>
			<string>sourcecode.c.h</string>
			<key>path</key>
			<string>PKWeatherTarget.h</string>
			<key>sourceTree</key>
			<string>&lt;group&gt;</string>
		</dict>
		<key>4c495176e736b549aa624082</key>
		<dict>
			<key>fileRef</key>
			<string>fc93fa148bac344e52451c9a</string>
			<key>isa</key>
			<string>PBXBuildFile</string>
		</dict>
		<key>4cb99d93f555a5a5a5a16026</key>
		<dict>
			<key>isa</key>
			<string>PBXBuildFile</string>
		</dict>
		<key>4e47367b534111459f79aee4</key>
		<dict>
			<key>FileEncoding</key>
			<string>4</string>
			<key>isa</key>
			<string>PBXFileReference</string>
			<key>lastKnownFileType</key>
			<string>sourcecode.c.objc</string>
			<key>path</key>
			<string>PKConsoleMessage.m</string>
			<key>sourceTree</key>
			<string>&lt;group&gt;</string>
		</dict>
		<key>50b8d2989e9819c88d388ab1</key>
		<dict>
			<key>fileRef</key>
			<string>a83bf54468600c7f3dd27296</string>
			<key>isa</key>
			<string>PBXBuildFile</string>
		</dict>
		<key>528329098255afe3fb799b14</key>
		<dict>
			<key>FileEncoding</key>
			<string>4</string>
			<key>isa</key>
			<string>PBXFileReference</string>
			<key>lastKnownFileType</key>
			<string>sourcecode.c.objc</string>
			<key>path</key>
			<string>PKRedemptionRewardConfirmation.m</string>
			<key>sourceTree</key>
			<string>&lt;group&gt;</string>
		</dict>
		<key>5422507cc8d5ebe293f90cf7</key>
		<dict>
			<key>isa</key>
			<string>PBXBuildFile</string>
		</dict>
		<key>571306ac51013c2c9f5a2c25</key>
		<dict>
			<key>FileEncoding</key>
			<string>4</string>
			<key>isa</key>
			<string>PBXFileReference</string>
			<key>lastKnownFileType</key>
			<string>sourcecode.c.h</string>
			<key>path</key>
			<string>PKProgramType.h</string>
			<key>sourceTree</key>
			<string>&lt;group&gt;</string>
		</dict>
		<key>574be51766422da06164f2ca</key>
		<dict>
			<key>isa</key>
			<string>PBXBuildFile</string>
		</dict>
		<key>57c093899c8e220beb78186d</key>
		<dict>
			<key>FileEncoding</key>
			<string>4</string>
			<key>isa</key>
			<string>PBXFileReference</string>
			<key>lastKnownFileType</key>
			<string>sourcecode.c.h</string>
			<key>path</key>
			<string>PKProgram.h</string>
			<key>sourceTree</key>
			<string>&lt;group&gt;</string>
		</dict>
		<key>5801a2fcfde4a8e8c41f77f7</key>
		<dict>
			<key>isa</key>
			<string>PBXBuildFile</string>
		</dict>
		<key>598cc11d691a6875b69e3aab</key>
		<dict>
			<key>FileEncoding</key>
			<string>4</string>
			<key>isa</key>
			<string>PBXFileReference</string>
			<key>lastKnownFileType</key>
			<string>sourcecode.c.h</string>
			<key>path</key>
			<string>PKTierTraversalConfirmation.h</string>
			<key>sourceTree</key>
			<string>&lt;group&gt;</string>
		</dict>
		<key>59a31a229231cfe770ebf06a</key>
		<dict>
			<key>isa</key>
			<string>PBXBuildFile</string>
		</dict>
		<key>5a31c3860540b7ac277830a4</key>
		<dict>
			<key>FileEncoding</key>
			<string>4</string>
			<key>isa</key>
			<string>PBXFileReference</string>
			<key>lastKnownFileType</key>
			<string>sourcecode.c.h</string>
			<key>path</key>
			<string>PKSocialServiceSubscription.h</string>
			<key>sourceTree</key>
			<string>&lt;group&gt;</string>
		</dict>
		<key>5b7cf303d9440763cee96ede</key>
		<dict>
			<key>fileRef</key>
			<string>9a3826d1ab19b92f6b0d49c3</string>
			<key>isa</key>
			<string>PBXBuildFile</string>
		</dict>
		<key>5ba684ef639ddca4f29b37cf</key>
		<dict>
			<key>FileEncoding</key>
			<string>4</string>
			<key>isa</key>
			<string>PBXFileReference</string>
			<key>lastKnownFileType</key>
			<string>sourcecode.c.h</string>
			<key>path</key>
			<string>PKCustomerDevice.h</string>
			<key>sourceTree</key>
			<string>&lt;group&gt;</string>
		</dict>
		<key>5bb42b208ea095e235657c30</key>
		<dict>
			<key>fileRef</key>
			<string>99e41b4f26df2f5eb6a03211</string>
			<key>isa</key>
			<string>PBXBuildFile</string>
		</dict>
		<key>5d20fab869e8a656b38d8b4f</key>
		<dict>
			<key>fileRef</key>
			<string>6e778c3fa60a53a04e7cd758</string>
			<key>isa</key>
			<string>PBXBuildFile</string>
		</dict>
		<key>5d2eb6906542f2369fd302c9</key>
		<dict>
			<key>FileEncoding</key>
			<string>4</string>
			<key>isa</key>
			<string>PBXFileReference</string>
			<key>lastKnownFileType</key>
			<string>sourcecode.c.h</string>
			<key>path</key>
			<string>PKMerchantUser.h</string>
			<key>sourceTree</key>
			<string>&lt;group&gt;</string>
		</dict>
		<key>5db80da6cc75506bb68f4c1a</key>
		<dict>
			<key>FileEncoding</key>
			<string>4</string>
			<key>isa</key>
			<string>PBXFileReference</string>
			<key>lastKnownFileType</key>
			<string>sourcecode.c.objc</string>
			<key>path</key>
			<string>PKVisitConfirmation.m</string>
			<key>sourceTree</key>
			<string>&lt;group&gt;</string>
		</dict>
		<key>6115e9fec1cd79886a93190c</key>
		<dict>
			<key>FileEncoding</key>
			<string>4</string>
			<key>isa</key>
			<string>PBXFileReference</string>
			<key>lastKnownFileType</key>
			<string>sourcecode.c.h</string>
			<key>path</key>
			<string>PKYieldManagementTarget.h</string>
			<key>sourceTree</key>
			<string>&lt;group&gt;</string>
		</dict>
		<key>6146abad43334e031d31675d</key>
		<dict>
			<key>FileEncoding</key>
			<string>4</string>
			<key>isa</key>
			<string>PBXFileReference</string>
			<key>lastKnownFileType</key>
			<string>sourcecode.c.objc</string>
			<key>path</key>
			<string>PKIntegratorUser.m</string>
			<key>sourceTree</key>
			<string>&lt;group&gt;</string>
		</dict>
		<key>625d7e3c251b16f38c55e19f</key>
		<dict>
			<key>fileRef</key>
			<string>8e11b38341491641aad1a6f8</string>
			<key>isa</key>
			<string>PBXBuildFile</string>
		</dict>
		<key>6271b14d44611a97cd0db687</key>
		<dict>
			<key>isa</key>
			<string>PBXBuildFile</string>
		</dict>
		<key>639bb6c7630422e19f1b27cf</key>
		<dict>
			<key>isa</key>
			<string>PBXBuildFile</string>
		</dict>
		<key>640edf3b6dcae85fccd4b7f7</key>
		<dict>
			<key>isa</key>
			<string>PBXBuildFile</string>
		</dict>
		<key>64c005e0569f6518be3b7026</key>
		<dict>
			<key>FileEncoding</key>
			<string>4</string>
			<key>isa</key>
			<string>PBXFileReference</string>
			<key>lastKnownFileType</key>
			<string>sourcecode.c.h</string>
			<key>path</key>
			<string>PKBounceBackTarget.h</string>
			<key>sourceTree</key>
			<string>&lt;group&gt;</string>
		</dict>
		<key>666920baff908ff946444ff5</key>
		<dict>
			<key>FileEncoding</key>
			<string>4</string>
			<key>isa</key>
			<string>PBXFileReference</string>
			<key>lastKnownFileType</key>
			<string>sourcecode.c.h</string>
			<key>path</key>
			<string>PKSocialListTarget.h</string>
			<key>sourceTree</key>
			<string>&lt;group&gt;</string>
		</dict>
		<key>66b761cd3a5cc14afe3f3664</key>
		<dict>
			<key>FileEncoding</key>
			<string>4</string>
			<key>isa</key>
			<string>PBXFileReference</string>
			<key>lastKnownFileType</key>
			<string>sourcecode.c.h</string>
			<key>path</key>
			<string>PKPointsActivity.h</string>
			<key>sourceTree</key>
			<string>&lt;group&gt;</string>
		</dict>
		<key>6b732b482514f8de65db527e</key>
		<dict>
			<key>FileEncoding</key>
			<string>4</string>
			<key>isa</key>
			<string>PBXFileReference</string>
			<key>lastKnownFileType</key>
			<string>sourcecode.c.h</string>
			<key>path</key>
			<string>PKVisitConfirmation.h</string>
			<key>sourceTree</key>
			<string>&lt;group&gt;</string>
		</dict>
		<key>6ba661ad2ae75017fbba1da3</key>
		<dict>
			<key>isa</key>
			<string>PBXBuildFile</string>
		</dict>
		<key>6cfe20c1929911a4153c97c8</key>
		<dict>
			<key>isa</key>
			<string>PBXBuildFile</string>
		</dict>
		<key>6e778c3fa60a53a04e7cd758</key>
		<dict>
			<key>FileEncoding</key>
			<string>4</string>
			<key>isa</key>
			<string>PBXFileReference</string>
			<key>lastKnownFileType</key>
			<string>sourcecode.c.objc</string>
			<key>path</key>
			<string>PKFeedbackItem.m</string>
			<key>sourceTree</key>
			<string>&lt;group&gt;</string>
		</dict>
		<key>6eb8ea3ec7425747d3570366</key>
		<dict>
			<key>isa</key>
			<string>PBXBuildFile</string>
		</dict>
		<key>717c3f730c8f2e1d036c71f0</key>
		<dict>
			<key>isa</key>
			<string>PBXBuildFile</string>
		</dict>
		<key>74b69175b541ef92c3836a6b</key>
		<dict>
			<key>fileRef</key>
			<string>dc0e85e9f453091205c38969</string>
			<key>isa</key>
			<string>PBXBuildFile</string>
		</dict>
		<key>75a835e29755910b5bab8a15</key>
		<dict>
			<key>fileRef</key>
			<string>f72df4d9c9d0cda215f1b702</string>
			<key>isa</key>
			<string>PBXBuildFile</string>
		</dict>
		<key>7631c8cbd23988245f07f1ca</key>
		<dict>
			<key>fileRef</key>
			<string>c990a7ea3e26cc9744cbf2b8</string>
			<key>isa</key>
			<string>PBXBuildFile</string>
		</dict>
		<key>76ad1a091bb15cc011ae5729</key>
		<dict>
			<key>fileRef</key>
			<string>fd58638e9f32e307150dd0f5</string>
			<key>isa</key>
			<string>PBXBuildFile</string>
		</dict>
		<key>77848334119af71bd03e22df</key>
		<dict>
			<key>fileRef</key>
			<string>863f7d511f508997f13c63e7</string>
			<key>isa</key>
			<string>PBXBuildFile</string>
		</dict>
		<key>7ccb2bfb9a67ea94fc2cccea</key>
		<dict>
			<key>FileEncoding</key>
			<string>4</string>
			<key>isa</key>
			<string>PBXFileReference</string>
			<key>lastKnownFileType</key>
			<string>sourcecode.c.objc</string>
			<key>path</key>
			<string>PKBounceBackTarget.m</string>
			<key>sourceTree</key>
			<string>&lt;group&gt;</string>
		</dict>
		<key>7ce95de0df5590ae0df23933</key>
		<dict>
			<key>FileEncoding</key>
			<string>4</string>
			<key>isa</key>
			<string>PBXFileReference</string>
			<key>lastKnownFileType</key>
			<string>sourcecode.c.objc</string>
			<key>path</key>
			<string>PKTierTraversal.m</string>
			<key>sourceTree</key>
			<string>&lt;group&gt;</string>
		</dict>
		<key>7df6ed490c5622a42a977f5d</key>
		<dict>
			<key>FileEncoding</key>
			<string>4</string>
			<key>isa</key>
			<string>PBXFileReference</string>
			<key>lastKnownFileType</key>
			<string>sourcecode.c.objc</string>
			<key>path</key>
			<string>PKInternalUser.m</string>
			<key>sourceTree</key>
			<string>&lt;group&gt;</string>
		</dict>
		<key>7dfdcb35ad18c05ad67c8288</key>
		<dict>
			<key>isa</key>
			<string>PBXBuildFile</string>
		</dict>
		<key>7e4fa93728ca2a5f81ab9072</key>
		<dict>
			<key>isa</key>
			<string>PBXBuildFile</string>
		</dict>
		<key>7eed568686ee68c462eb6a6b</key>
		<dict>
			<key>fileRef</key>
			<string>206b9beaedf5b04bedb0fca8</string>
			<key>isa</key>
			<string>PBXBuildFile</string>
		</dict>
		<key>7f1626eb5b07800118c574a3</key>
		<dict>
			<key>isa</key>
			<string>PBXBuildFile</string>
		</dict>
		<key>80b526310e37fa10bab8512b</key>
		<dict>
			<key>isa</key>
			<string>PBXBuildFile</string>
		</dict>
		<key>817e564bee74b5655f4a74c6</key>
		<dict>
			<key>FileEncoding</key>
			<string>4</string>
			<key>isa</key>
			<string>PBXFileReference</string>
			<key>lastKnownFileType</key>
			<string>sourcecode.c.objc</string>
			<key>path</key>
			<string>PKMerchantUser.m</string>
			<key>sourceTree</key>
			<string>&lt;group&gt;</string>
		</dict>
		<key>8250d9dd4e44ba881c40765c</key>
		<dict>
			<key>isa</key>
			<string>PBXBuildFile</string>
		</dict>
		<key>863f7d511f508997f13c63e7</key>
		<dict>
			<key>FileEncoding</key>
			<string>4</string>
			<key>isa</key>
			<string>PBXFileReference</string>
			<key>lastKnownFileType</key>
			<string>sourcecode.c.objc</string>
			<key>path</key>
			<string>PKWeatherTarget.m</string>
			<key>sourceTree</key>
			<string>&lt;group&gt;</string>
		</dict>
		<key>86f19ff6f4371f4da96267b8</key>
		<dict>
			<key>FileEncoding</key>
			<string>4</string>
			<key>isa</key>
			<string>PBXFileReference</string>
			<key>lastKnownFileType</key>
			<string>sourcecode.c.objc</string>
			<key>path</key>
			<string>PKFirstVisitTarget.m</string>
			<key>sourceTree</key>
			<string>&lt;group&gt;</string>
		</dict>
		<key>8772d6d83da2066ead031d5d</key>
		<dict>
			<key>FileEncoding</key>
			<string>4</string>
			<key>isa</key>
			<string>PBXFileReference</string>
			<key>lastKnownFileType</key>
			<string>sourcecode.c.h</string>
			<key>path</key>
			<string>PKRedemptionRewardConfirmation.h</string>
			<key>sourceTree</key>
			<string>&lt;group&gt;</string>
		</dict>
		<key>885488a72cbc5feaff850f93</key>
		<dict>
			<key>FileEncoding</key>
			<string>4</string>
			<key>isa</key>
			<string>PBXFileReference</string>
			<key>lastKnownFileType</key>
			<string>sourcecode.c.objc</string>
			<key>path</key>
			<string>PKMerchantDevice.m</string>
			<key>sourceTree</key>
			<string>&lt;group&gt;</string>
		</dict>
		<key>88e049a73114facfffc88e86</key>
		<dict>
			<key>isa</key>
			<string>PBXBuildFile</string>
		</dict>
		<key>89e74ec582ed1d68cff3f619</key>
		<dict>
			<key>FileEncoding</key>
			<string>4</string>
			<key>isa</key>
			<string>PBXFileReference</string>
			<key>lastKnownFileType</key>
			<string>sourcecode.c.h</string>
			<key>path</key>
			<string>PKNobodyTarget.h</string>
			<key>sourceTree</key>
			<string>&lt;group&gt;</string>
		</dict>
		<key>8a876bfc4e2016f9427e3c04</key>
		<dict>
			<key>FileEncoding</key>
			<string>4</string>
			<key>isa</key>
			<string>PBXFileReference</string>
			<key>lastKnownFileType</key>
			<string>sourcecode.c.objc</string>
			<key>path</key>
			<string>PKCouponVisibility.m</string>
			<key>sourceTree</key>
			<string>&lt;group&gt;</string>
		</dict>
		<key>8bef9c3a1f40eadcca710f9a</key>
		<dict>
			<key>fileRef</key>
			<string>9baa3c6d973fbd80e9feec58</string>
			<key>isa</key>
			<string>PBXBuildFile</string>
		</dict>
		<key>8c9c076faa3a66804a51ce62</key>
		<dict>
			<key>FileEncoding</key>
			<string>4</string>
			<key>isa</key>
			<string>PBXFileReference</string>
			<key>lastKnownFileType</key>
			<string>sourcecode.c.h</string>
			<key>path</key>
			<string>PKPushMessage.h</string>
			<key>sourceTree</key>
			<string>&lt;group&gt;</string>
		</dict>
		<key>8cf01ab1055e3802d49b2c76</key>
		<dict>
			<key>FileEncoding</key>
			<string>4</string>
			<key>isa</key>
			<string>PBXFileReference</string>
			<key>lastKnownFileType</key>
			<string>sourcecode.c.h</string>
			<key>path</key>
			<string>PKFirstVisitTarget.h</string>
			<key>sourceTree</key>
			<string>&lt;group&gt;</string>
		</dict>
		<key>8dce03434b58dde567e8bb9d</key>
		<dict>
			<key>isa</key>
			<string>PBXBuildFile</string>
		</dict>
		<key>8e11b38341491641aad1a6f8</key>
		<dict>
			<key>FileEncoding</key>
			<string>4</string>
			<key>isa</key>
			<string>PBXFileReference</string>
			<key>lastKnownFileType</key>
			<string>sourcecode.c.objc</string>
			<key>path</key>
			<string>PKProgram.m</string>
			<key>sourceTree</key>
			<string>&lt;group&gt;</string>
		</dict>
		<key>8e15322143e2aab5df148815</key>
		<dict>
			<key>FileEncoding</key>
			<string>4</string>
			<key>isa</key>
			<string>PBXFileReference</string>
			<key>lastKnownFileType</key>
			<string>sourcecode.c.h</string>
			<key>path</key>
			<string>PKEverybodyTarget.h</string>
			<key>sourceTree</key>
			<string>&lt;group&gt;</string>
		</dict>
		<key>8f0a133f5fb0053d5ece99d4</key>
		<dict>
			<key>isa</key>
			<string>PBXBuildFile</string>
		</dict>
		<key>900d4b4014383cf858828615</key>
		<dict>
			<key>isa</key>
			<string>PBXBuildFile</string>
		</dict>
		<key>9122d961ed9db9e7c7390e1b</key>
		<dict>
			<key>fileRef</key>
			<string>a70751f385a2a12a67b9aeef</string>
			<key>isa</key>
			<string>PBXBuildFile</string>
		</dict>
		<key>92f49a4cf74db6fc5b77138c</key>
		<dict>
			<key>FileEncoding</key>
			<string>4</string>
			<key>isa</key>
			<string>PBXFileReference</string>
			<key>lastKnownFileType</key>
			<string>sourcecode.c.h</string>
			<key>path</key>
			<string>PKFeedbackItem.h</string>
			<key>sourceTree</key>
			<string>&lt;group&gt;</string>
		</dict>
		<key>92f732509cb3669539a2fee6</key>
		<dict>
			<key>FileEncoding</key>
			<string>4</string>
			<key>isa</key>
			<string>PBXFileReference</string>
			<key>lastKnownFileType</key>
			<string>sourcecode.c.objc</string>
			<key>path</key>
			<string>PKPhysicalRedemptionTarget.m</string>
			<key>sourceTree</key>
			<string>&lt;group&gt;</string>
		</dict>
		<key>949aa1b6abcb08657b95e170</key>
		<dict>
			<key>fileRef</key>
			<string>8a876bfc4e2016f9427e3c04</string>
			<key>isa</key>
			<string>PBXBuildFile</string>
		</dict>
		<key>95006853fa403090c6674f57</key>
		<dict>
			<key>fileRef</key>
			<string>dd8afc70572ab91f1c3e1113</string>
			<key>isa</key>
			<string>PBXBuildFile</string>
		</dict>
		<key>96d1f738aba8c9b796d29ca7</key>
		<dict>
			<key>isa</key>
			<string>PBXBuildFile</string>
		</dict>
		<key>96f2f75f062b3cd50c62babd</key>
		<dict>
			<key>fileRef</key>
			<string>ce9b8edcc31971ac8aa705ce</string>
			<key>isa</key>
			<string>PBXBuildFile</string>
		</dict>
		<key>9754aaf4bdd01e6e760e1899</key>
		<dict>
			<key>fileRef</key>
			<string>e065c8da2743c167e3d4692c</string>
			<key>isa</key>
			<string>PBXBuildFile</string>
		</dict>
		<key>98661e17c581ffb060b17108</key>
		<dict>
			<key>FileEncoding</key>
			<string>4</string>
			<key>isa</key>
			<string>PBXFileReference</string>
			<key>lastKnownFileType</key>
			<string>sourcecode.c.h</string>
			<key>path</key>
			<string>PKSmsMessage.h</string>
			<key>sourceTree</key>
			<string>&lt;group&gt;</string>
		</dict>
		<key>99e41b4f26df2f5eb6a03211</key>
		<dict>
			<key>FileEncoding</key>
			<string>4</string>
			<key>isa</key>
			<string>PBXFileReference</string>
			<key>lastKnownFileType</key>
			<string>sourcecode.c.objc</string>
			<key>path</key>
			<string>PKPointsActivity.m</string>
			<key>sourceTree</key>
			<string>&lt;group&gt;</string>
		</dict>
		<key>99f4746b0113f0102c840ea5</key>
		<dict>
			<key>FileEncoding</key>
			<string>4</string>
			<key>isa</key>
			<string>PBXFileReference</string>
			<key>lastKnownFileType</key>
			<string>sourcecode.c.h</string>
			<key>path</key>
			<string>PKPointsCatalogItem.h</string>
			<key>sourceTree</key>
			<string>&lt;group&gt;</string>
		</dict>
		<key>9a3826d1ab19b92f6b0d49c3</key>
		<dict>
			<key>FileEncoding</key>
			<string>4</string>
			<key>isa</key>
			<string>PBXFileReference</string>
			<key>lastKnownFileType</key>
			<string>sourcecode.c.objc</string>
			<key>path</key>
			<string>PKLikeToUnlockTarget.m</string>
			<key>sourceTree</key>
			<string>&lt;group&gt;</string>
		</dict>
		<key>9a7bda1cb16900e8b102ba49</key>
		<dict>
			<key>FileEncoding</key>
			<string>4</string>
			<key>isa</key>
			<string>PBXFileReference</string>
			<key>lastKnownFileType</key>
			<string>sourcecode.c.h</string>
			<key>path</key>
			<string>PKCouponCampaign.h</string>
			<key>sourceTree</key>
			<string>&lt;group&gt;</string>
		</dict>
		<key>9aa4a89ec844754917ee0723</key>
		<dict>
			<key>isa</key>
			<string>PBXBuildFile</string>
		</dict>
		<key>9ae0d68b7dca41df64ba06d4</key>
		<dict>
			<key>isa</key>
			<string>PBXBuildFile</string>
		</dict>
		<key>9b1e69486bd5a3fdef25188a</key>
		<dict>
			<key>FileEncoding</key>
			<string>4</string>
			<key>isa</key>
			<string>PBXFileReference</string>
			<key>lastKnownFileType</key>
			<string>sourcecode.c.h</string>
			<key>path</key>
			<string>PKCouponRedemption.h</string>
			<key>sourceTree</key>
			<string>&lt;group&gt;</string>
		</dict>
		<key>9baa3c6d973fbd80e9feec58</key>
		<dict>
			<key>FileEncoding</key>
			<string>4</string>
			<key>isa</key>
			<string>PBXFileReference</string>
			<key>lastKnownFileType</key>
			<string>sourcecode.c.objc</string>
			<key>path</key>
			<string>PKSmsMessage.m</string>
			<key>sourceTree</key>
			<string>&lt;group&gt;</string>
		</dict>
		<key>9d787ab2ff8e49a439a3e2da</key>
		<dict>
			<key>fileRef</key>
			<string>528329098255afe3fb799b14</string>
			<key>isa</key>
			<string>PBXBuildFile</string>
		</dict>
		<key>9d88e2c4d94ebade10e1fded</key>
		<dict>
			<key>isa</key>
			<string>PBXBuildFile</string>
		</dict>
		<key>9eb01fc7f728f0b453720510</key>
		<dict>
			<key>fileRef</key>
			<string>dc102a552bdacecf50d2d133</string>
			<key>isa</key>
			<string>PBXBuildFile</string>
		</dict>
		<key>9f81c53d7e876476002a92ff</key>
		<dict>
			<key>FileEncoding</key>
			<string>4</string>
			<key>isa</key>
			<string>PBXFileReference</string>
			<key>lastKnownFileType</key>
			<string>sourcecode.c.h</string>
			<key>path</key>
			<string>PKRedemptionCouponConfirmation.h</string>
			<key>sourceTree</key>
			<string>&lt;group&gt;</string>
		</dict>
		<key>9fa18cba07508483a2b164f8</key>
		<dict>
			<key>FileEncoding</key>
			<string>4</string>
			<key>isa</key>
			<string>PBXFileReference</string>
			<key>lastKnownFileType</key>
			<string>sourcecode.c.h</string>
			<key>path</key>
			<string>PKProgramTier.h</string>
			<key>sourceTree</key>
			<string>&lt;group&gt;</string>
		</dict>
		<key>D804F01E167C281900E73BC3</key>
		<dict>
			<key>children</key>
			<array>
				<string>16e662010ca042f92c05afd7</string>
				<string>ffd6859f371c0b4c8ef19afb</string>
				<string>d436218f0cf54821fa3cf6ea</string>
				<string>39be48ade450184e60a25916</string>
				<string>0c5ab3f081c17c8f7c717ff4</string>
				<string>339fae2b20de8c38b86a1df4</string>
				<string>1cecfc296c258084f2359068</string>
				<string>1e8dacd944b415a484272b85</string>
				<string>64c005e0569f6518be3b7026</string>
				<string>7ccb2bfb9a67ea94fc2cccea</string>
				<string>c22a8af469822c97da0bcb9b</string>
				<string>fd58638e9f32e307150dd0f5</string>
				<string>19a6fbc25b8a91c9c79615e8</string>
				<string>0556ab8586fba3b365432747</string>
				<string>a45f1967c14260067f45ca3b</string>
				<string>1b97a69656565890012d1c97</string>
				<string>46b17a9e9c70fafabdb74952</string>
				<string>4e47367b534111459f79aee4</string>
				<string>30e949178e8348e1b3eb6514</string>
				<string>a70751f385a2a12a67b9aeef</string>
				<string>9a7bda1cb16900e8b102ba49</string>
				<string>d9ba8631ae43a516aba63325</string>
				<string>9b1e69486bd5a3fdef25188a</string>
				<string>b4e32ac83faa700f73eb2331</string>
				<string>b4eaccee5e6592b6304efb6e</string>
				<string>af65b6abdc61666c762d351d</string>
				<string>2abbbb5c6b49d5bf8550e946</string>
				<string>8a876bfc4e2016f9427e3c04</string>
				<string>caba168945575511f1ab1444</string>
				<string>f72df4d9c9d0cda215f1b702</string>
				<string>5ba684ef639ddca4f29b37cf</string>
				<string>dc0e85e9f453091205c38969</string>
				<string>ffe5753adf8fbe7684d40100</string>
				<string>2db3c1797f056dd11021304d</string>
				<string>8e15322143e2aab5df148815</string>
				<string>dc102a552bdacecf50d2d133</string>
				<string>92f49a4cf74db6fc5b77138c</string>
				<string>6e778c3fa60a53a04e7cd758</string>
				<string>8cf01ab1055e3802d49b2c76</string>
				<string>86f19ff6f4371f4da96267b8</string>
				<string>4311e00b89734e9b68104511</string>
				<string>dd8afc70572ab91f1c3e1113</string>
				<string>4a354757d7e697192b2b6494</string>
				<string>6146abad43334e031d31675d</string>
				<string>09f036b316a2f3bd5e092818</string>
				<string>7df6ed490c5622a42a977f5d</string>
				<string>faf79826257796e7f5399500</string>
				<string>9a3826d1ab19b92f6b0d49c3</string>
				<string>edeb178af577c7ad551236ae</string>
				<string>a81012379330eadc39f9b4af</string>
				<string>472de69835f0a158fd21712d</string>
				<string>a83bf54468600c7f3dd27296</string>
				<string>d79b4bf41640c88b590ea6c9</string>
				<string>ce9b8edcc31971ac8aa705ce</string>
				<string>f80e6d5c005f721ebc1e67e7</string>
				<string>885488a72cbc5feaff850f93</string>
				<string>27fcf05ae48a550ac9ddc782</string>
				<string>163c3420bd9e94db2813509c</string>
				<string>5d2eb6906542f2369fd302c9</string>
				<string>817e564bee74b5655f4a74c6</string>
				<string>89e74ec582ed1d68cff3f619</string>
				<string>3baa457fa159b8ca1b46d37c</string>
				<string>1b5ce15eaff3ea466d5bdf23</string>
				<string>a7e1fcbfdb0e85f2e78be90b</string>
				<string>d630b9023ecb3eaf8fec34e0</string>
				<string>47537a57e7bca31bcb779501</string>
				<string>3b9a21bac0eed24579a19b08</string>
				<string>92f732509cb3669539a2fee6</string>
				<string>66b761cd3a5cc14afe3f3664</string>
				<string>99e41b4f26df2f5eb6a03211</string>
				<string>2beca0a1e817c1679b0ea148</string>
				<string>2b7870b0e023f4d65e815644</string>
				<string>99f4746b0113f0102c840ea5</string>
				<string>2d4d6d70ce29a5fc50a74433</string>
				<string>57c093899c8e220beb78186d</string>
				<string>8e11b38341491641aad1a6f8</string>
				<string>9fa18cba07508483a2b164f8</string>
				<string>d98b5346c96b7798aaaa2dab</string>
				<string>571306ac51013c2c9f5a2c25</string>
				<string>db3d4ef8871611cce735b0f7</string>
				<string>05051cd7a9994b39609924b8</string>
				<string>b9b245461a0ceeaa141aa001</string>
				<string>8c9c076faa3a66804a51ce62</string>
				<string>206b9beaedf5b04bedb0fca8</string>
				<string>9f81c53d7e876476002a92ff</string>
				<string>c990a7ea3e26cc9744cbf2b8</string>
				<string>8772d6d83da2066ead031d5d</string>
				<string>528329098255afe3fb799b14</string>
				<string>dd6eb0f67f6f347fd4dff100</string>
				<string>a35819d6696b92cfeb624913</string>
				<string>11bef3c6e6011440bef854a7</string>
				<string>fc93fa148bac344e52451c9a</string>
				<string>01c5c2fb78d18a5f5113e2e8</string>
				<string>ea5d18f2885c0f1da1061989</string>
				<string>98661e17c581ffb060b17108</string>
				<string>9baa3c6d973fbd80e9feec58</string>
				<string>bc762df92426e1b2c84d9f4c</string>
				<string>26e556f50529a0e27a1b9214</string>
				<string>666920baff908ff946444ff5</string>
				<string>23dbc89c01b42fb26c08722f</string>
				<string>5a31c3860540b7ac277830a4</string>
				<string>c1074e61c3fb4d8995d49812</string>
				<string>ef5eb3b8eeb678771f0b4ed5</string>
				<string>1f2a5152a6838c170b9705f8</string>
				<string>2ace7d010132c0148f266ce6</string>
				<string>e065c8da2743c167e3d4692c</string>
				<string>b4ccecae735b51a48057b5a4</string>
				<string>7ce95de0df5590ae0df23933</string>
				<string>598cc11d691a6875b69e3aab</string>
				<string>4461b6aadcf9e041c8c3eb17</string>
				<string>efdf74ef2e0f2294f6d0ac43</string>
				<string>dcf0afe4dd462788c37d29f6</string>
				<string>497328caadbd19225a5450be</string>
				<string>f46987707322d3338b6e3d3a</string>
				<string>6b732b482514f8de65db527e</string>
				<string>5db80da6cc75506bb68f4c1a</string>
				<string>4c253bd3881097ff7367628d</string>
				<string>863f7d511f508997f13c63e7</string>
				<string>6115e9fec1cd79886a93190c</string>
				<string>fb98cd0b5326a2c545140525</string>
				<string>f7d403d300067fa8260c39be</string>
				<string>811851d8fee3c1a5c16da292</string>
			</array>
			<key>isa</key>
			<string>PBXGroup</string>
			<key>path</key>
			<string>generated</string>
			<key>sourceTree</key>
			<string>&lt;group&gt;</string>
		</dict>
		<key>D81D88EC168103F40042DB2C</key>
		<dict>
			<key>fileEncoding</key>
			<string>4</string>
			<key>isa</key>
			<string>PBXFileReference</string>
			<key>lastKnownFileType</key>
			<string>sourcecode.c.h</string>
			<key>path</key>
			<string>PKClientApi.h</string>
			<key>sourceTree</key>
			<string>&lt;group&gt;</string>
		</dict>
		<key>D81D88ED168103F40042DB2C</key>
		<dict>
			<key>fileEncoding</key>
			<string>4</string>
			<key>isa</key>
			<string>PBXFileReference</string>
			<key>lastKnownFileType</key>
			<string>sourcecode.c.objc</string>
			<key>path</key>
			<string>PKClientApi.m</string>
			<key>sourceTree</key>
			<string>&lt;group&gt;</string>
		</dict>
		<key>D81D88EE168103F40042DB2C</key>
		<dict>
			<key>fileRef</key>
			<string>D81D88ED168103F40042DB2C</string>
			<key>isa</key>
			<string>PBXBuildFile</string>
		</dict>
		<key>D81D890E168114810042DB2C</key>
		<dict>
			<key>fileEncoding</key>
			<string>4</string>
			<key>isa</key>
			<string>PBXFileReference</string>
			<key>lastKnownFileType</key>
			<string>sourcecode.c.h</string>
			<key>path</key>
			<string>PKTokenRequest.h</string>
			<key>sourceTree</key>
			<string>&lt;group&gt;</string>
		</dict>
		<key>D81D890F168114810042DB2C</key>
		<dict>
			<key>fileEncoding</key>
			<string>4</string>
			<key>isa</key>
			<string>PBXFileReference</string>
			<key>lastKnownFileType</key>
			<string>sourcecode.c.objc</string>
			<key>path</key>
			<string>PKTokenRequest.m</string>
			<key>sourceTree</key>
			<string>&lt;group&gt;</string>
		</dict>
		<key>D81D8910168114810042DB2C</key>
		<dict>
			<key>fileRef</key>
			<string>D81D890F168114810042DB2C</string>
			<key>isa</key>
			<string>PBXBuildFile</string>
		</dict>
		<key>D8533F2D167FA31100519F0A</key>
		<dict>
			<key>containerPortal</key>
			<string>D8A8A6DB16792266008DDF39</string>
			<key>isa</key>
			<string>PBXContainerItemProxy</string>
			<key>proxyType</key>
			<string>1</string>
			<key>remoteGlobalIDString</key>
			<string>D8BD1B6E166D03F7008AB3FF</string>
			<key>remoteInfo</key>
			<string>flatpack-objc</string>
		</dict>
		<key>D8533F2E167FA31100519F0A</key>
		<dict>
			<key>isa</key>
			<string>PBXTargetDependency</string>
			<key>name</key>
			<string>flatpack-objc</string>
			<key>targetProxy</key>
			<string>D8533F2D167FA31100519F0A</string>
		</dict>
		<key>D8533F40167FA3EF00519F0A</key>
		<dict>
			<key>fileRef</key>
			<string>D8A8A6E216792266008DDF39</string>
			<key>isa</key>
			<string>PBXBuildFile</string>
		</dict>
		<key>D8A8A5B01678E66D008DDF39</key>
		<dict>
			<key>children</key>
			<array>
				<string>D8A8A6DB16792266008DDF39</string>
				<string>D8A8A5C01678E66D008DDF39</string>
				<string>D8A8A5D51678E66D008DDF39</string>
				<string>D8A8A5BD1678E66D008DDF39</string>
				<string>D8A8A5BC1678E66D008DDF39</string>
			</array>
			<key>isa</key>
			<string>PBXGroup</string>
			<key>sourceTree</key>
			<string>&lt;group&gt;</string>
		</dict>
		<key>D8A8A5B21678E66D008DDF39</key>
		<dict>
			<key>attributes</key>
			<dict>
				<key>LastUpgradeCheck</key>
				<string>0450</string>
				<key>ORGANIZATIONNAME</key>
				<string>Perka Inc</string>
			</dict>
			<key>buildConfigurationList</key>
			<string>D8A8A5B51678E66D008DDF39</string>
			<key>compatibilityVersion</key>
			<string>Xcode 3.2</string>
			<key>developmentRegion</key>
			<string>English</string>
			<key>hasScannedForEncodings</key>
			<string>0</string>
			<key>isa</key>
			<string>PBXProject</string>
			<key>knownRegions</key>
			<array>
				<string>en</string>
			</array>
			<key>mainGroup</key>
			<string>D8A8A5B01678E66D008DDF39</string>
			<key>productRefGroup</key>
			<string>D8A8A5BC1678E66D008DDF39</string>
			<key>projectDirPath</key>
			<string></string>
			<key>projectReferences</key>
			<array>
				<dict>
					<key>ProductGroup</key>
					<string>D8A8A6DC16792266008DDF39</string>
					<key>ProjectRef</key>
					<string>D8A8A6DB16792266008DDF39</string>
				</dict>
			</array>
			<key>projectRoot</key>
			<string></string>
			<key>targets</key>
			<array>
				<string>D8A8A5BA1678E66D008DDF39</string>
				<string>D8A8A5CB1678E66D008DDF39</string>
			</array>
		</dict>
		<key>D8A8A5B51678E66D008DDF39</key>
		<dict>
			<key>buildConfigurations</key>
			<array>
				<string>D8A8A5DE1678E66D008DDF39</string>
				<string>D8A8A5DF1678E66D008DDF39</string>
			</array>
			<key>defaultConfigurationIsVisible</key>
			<string>0</string>
			<key>defaultConfigurationName</key>
			<string>Release</string>
			<key>isa</key>
			<string>XCConfigurationList</string>
		</dict>
		<key>D8A8A5B71678E66D008DDF39</key>
		<dict>
			<key>buildActionMask</key>
			<string>2147483647</string>
			<key>files</key>
			<array>
				<string>4cb99d93f555a5a5a5a16026</string>
				<string>c5e16e0ecd70d8cd19066b36</string>
				<string>ae9fc2cc5bcd7ecde7d21f8f</string>
				<string>6271b14d44611a97cd0db687</string>
				<string>e7cf5802d4ef85cacbad41d4</string>
				<string>6ba661ad2ae75017fbba1da3</string>
				<string>d9a093b395749ba82b8e0207</string>
				<string>402352bb8fca8ceb615ca738</string>
				<string>351fc61240d81c054593ee82</string>
				<string>2f5ddec44ad56a51a91a2f5b</string>
				<string>640edf3b6dcae85fccd4b7f7</string>
				<string>2b613f0193c270dcc03aeb47</string>
				<string>8250d9dd4e44ba881c40765c</string>
				<string>baa35f1bd4c37394347676b5</string>
				<string>7e4fa93728ca2a5f81ab9072</string>
				<string>fb5f3e166ca93b3f21b336a8</string>
				<string>ae78bc4ce4db413b5dd8e2cb</string>
				<string>f7bb248d521e2932abe55ef7</string>
				<string>7dfdcb35ad18c05ad67c8288</string>
				<string>5801a2fcfde4a8e8c41f77f7</string>
				<string>9d88e2c4d94ebade10e1fded</string>
				<string>8f0a133f5fb0053d5ece99d4</string>
				<string>d14f2a7f0f1ca4fb2eebefe4</string>
				<string>9ae0d68b7dca41df64ba06d4</string>
				<string>6eb8ea3ec7425747d3570366</string>
				<string>ba6f307195fa0a5fb4460f71</string>
				<string>170efc52093b20f6edd18214</string>
				<string>caf6c87c000d5444a91a243e</string>
				<string>199b74c3705abbac3b7ba2a6</string>
				<string>e8095c5704461063d3db665c</string>
				<string>0ee3acfdce538f3934c684e9</string>
				<string>199a924754f56a0cf2e6246b</string>
				<string>9aa4a89ec844754917ee0723</string>
				<string>b718b4c84e7b3b1137a9c466</string>
				<string>5422507cc8d5ebe293f90cf7</string>
				<string>639bb6c7630422e19f1b27cf</string>
				<string>343bdf8482be3533e7f5233c</string>
				<string>88e049a73114facfffc88e86</string>
				<string>bb27007240b8b489ca10ec4a</string>
				<string>717c3f730c8f2e1d036c71f0</string>
				<string>6cfe20c1929911a4153c97c8</string>
				<string>d37382b80bcc30c1abd71d9a</string>
				<string>d7fdef487585e3dc7691eee2</string>
				<string>900d4b4014383cf858828615</string>
				<string>b2603d4a8941aaa780703dcd</string>
				<string>59a31a229231cfe770ebf06a</string>
				<string>104a9a99590a8f640a83f13e</string>
				<string>b3ba714a7b0add4588671b7a</string>
				<string>a7a2b82155e8a6c8192d6b39</string>
				<string>8dce03434b58dde567e8bb9d</string>
				<string>01b1d7a1fd9c1e5c5d59923c</string>
				<string>1e320c620277736eb118db28</string>
				<string>f99b017fc17247fb27264de4</string>
				<string>cff720253a06de5c8a687144</string>
				<string>3704ae4c66958e480757d6e6</string>
				<string>7f1626eb5b07800118c574a3</string>
				<string>cf2282ed0cd0b2dddcb3f9c5</string>
				<string>574be51766422da06164f2ca</string>
				<string>80b526310e37fa10bab8512b</string>
				<string>96d1f738aba8c9b796d29ca7</string>
				<string>D81D88EE168103F40042DB2C</string>
				<string>347b18ae7f094f28b39e2d41</string>
				<string>D81D8910168114810042DB2C</string>
				<string>11ead2210b450781652d0d94</string>
				<string>afda4b7b03d8737d2b04450d</string>
				<string>1dd94817b9e9d42a756838de</string>
				<string>04d7cbf756ef29a1698b2239</string>
				<string>f00a030ad99ad014560203d3</string>
				<string>76ad1a091bb15cc011ae5729</string>
				<string>4bfd5ceb618b1454ddd3c698</string>
				<string>3e019fdb17e6fe0dbdf2a72e</string>
				<string>d7558a776c90ca8ac4041822</string>
				<string>9122d961ed9db9e7c7390e1b</string>
				<string>2abc94fec2c86f67ee9eff73</string>
				<string>1f5035998617cd537a1af32b</string>
				<string>da3dc8d6b482824ad48a934a</string>
				<string>949aa1b6abcb08657b95e170</string>
				<string>75a835e29755910b5bab8a15</string>
				<string>74b69175b541ef92c3836a6b</string>
				<string>2c5cac0d3c56b24a2f9d8a6e</string>
				<string>9eb01fc7f728f0b453720510</string>
				<string>5d20fab869e8a656b38d8b4f</string>
				<string>c2e8ef1756326c021d19efcb</string>
				<string>95006853fa403090c6674f57</string>
				<string>40e490cf2fd9bcc63d22715f</string>
				<string>b2e4d9b63af1ecccdcdbaa15</string>
				<string>5b7cf303d9440763cee96ede</string>
				<string>4a18e67cb88e9ca76d5ebd17</string>
				<string>50b8d2989e9819c88d388ab1</string>
				<string>96f2f75f062b3cd50c62babd</string>
				<string>2e1a5639961a4b35603b0533</string>
				<string>109203910f62f571a96da7f3</string>
				<string>140ffb1d83e80e7901ef7272</string>
				<string>cd50fe8cf7ecd8ef485d4150</string>
				<string>e45847974133cb95fa337e16</string>
				<string>b940efe5eb71246820d2a8a7</string>
				<string>ca2e273ba97bb42eca21e7e1</string>
				<string>10073bc89641162393b335ce</string>
				<string>5bb42b208ea095e235657c30</string>
				<string>2016a92f6482b936f2eb5bb4</string>
				<string>a34e36456058ad59c4528b42</string>
				<string>625d7e3c251b16f38c55e19f</string>
				<string>44bc7279ffeb03fafb206b7a</string>
				<string>c8436dce1e25fbb374a0f018</string>
				<string>3bcc6ce44ed744a45a268c21</string>
				<string>7eed568686ee68c462eb6a6b</string>
				<string>7631c8cbd23988245f07f1ca</string>
				<string>9d787ab2ff8e49a439a3e2da</string>
				<string>af018e631fd22af851e15cb3</string>
				<string>4c495176e736b549aa624082</string>
				<string>fa52023d9510712a3bf45d3f</string>
				<string>8bef9c3a1f40eadcca710f9a</string>
				<string>ed71509cfb508687b98b6774</string>
				<string>257f2a8fe059add2dcecb6f1</string>
				<string>0e4e22eb63099c251897764b</string>
				<string>1682bc98f29a28b650dde414</string>
				<string>9754aaf4bdd01e6e760e1899</string>
				<string>fb391e42c9e3066b77ea0787</string>
				<string>1112ebd65bc2a4c6182cb166</string>
				<string>e8bfd24ab5c12c6f9eebf675</string>
				<string>2a3ab9b02e354d6dce7b6f33</string>
				<string>f8b73ebb03dad4264edcaa21</string>
				<string>77848334119af71bd03e22df</string>
				<string>dae0cc31988421f67adc88e5</string>
			</array>
			<key>isa</key>
			<string>PBXSourcesBuildPhase</string>
			<key>runOnlyForDeploymentPostprocessing</key>
			<string>0</string>
		</dict>
		<key>D8A8A5B81678E66D008DDF39</key>
		<dict>
			<key>buildActionMask</key>
			<string>2147483647</string>
			<key>files</key>
			<array>
				<string>D8533F40167FA3EF00519F0A</string>
				<string>D8A8A5BF1678E66D008DDF39</string>
			</array>
			<key>isa</key>
			<string>PBXFrameworksBuildPhase</string>
			<key>runOnlyForDeploymentPostprocessing</key>
			<string>0</string>
		</dict>
		<key>D8A8A5B91678E66D008DDF39</key>
		<dict>
			<key>buildActionMask</key>
			<string>2147483647</string>
			<key>dstPath</key>
			<string>include/${PRODUCT_NAME}</string>
			<key>dstSubfolderSpec</key>
			<string>16</string>
			<key>files</key>
			<array/>
			<key>isa</key>
			<string>PBXCopyFilesBuildPhase</string>
			<key>runOnlyForDeploymentPostprocessing</key>
			<string>0</string>
		</dict>
		<key>D8A8A5BA1678E66D008DDF39</key>
		<dict>
			<key>buildConfigurationList</key>
			<string>D8A8A5E01678E66D008DDF39</string>
			<key>buildPhases</key>
			<array>
				<string>D8A8A5B71678E66D008DDF39</string>
				<string>D8A8A5B81678E66D008DDF39</string>
				<string>D8A8A5B91678E66D008DDF39</string>
			</array>
			<key>buildRules</key>
			<array/>
			<key>dependencies</key>
			<array>
				<string>D8533F2E167FA31100519F0A</string>
			</array>
			<key>isa</key>
			<string>PBXNativeTarget</string>
			<key>name</key>
			<string>perka-client-objc</string>
			<key>productName</key>
			<string>perka-client-objc</string>
			<key>productReference</key>
			<string>D8A8A5BB1678E66D008DDF39</string>
			<key>productType</key>
			<string>com.apple.product-type.library.static</string>
		</dict>
		<key>D8A8A5BB1678E66D008DDF39</key>
		<dict>
			<key>explicitFileType</key>
			<string>archive.ar</string>
			<key>includeInIndex</key>
			<string>0</string>
			<key>isa</key>
			<string>PBXFileReference</string>
			<key>path</key>
			<string>libperka-client-objc.a</string>
			<key>sourceTree</key>
			<string>BUILT_PRODUCTS_DIR</string>
		</dict>
		<key>D8A8A5BC1678E66D008DDF39</key>
		<dict>
			<key>children</key>
			<array>
				<string>D8A8A5BB1678E66D008DDF39</string>
				<string>D8A8A5CC1678E66D008DDF39</string>
			</array>
			<key>isa</key>
			<string>PBXGroup</string>
			<key>name</key>
			<string>Products</string>
			<key>sourceTree</key>
			<string>&lt;group&gt;</string>
		</dict>
		<key>D8A8A5BD1678E66D008DDF39</key>
		<dict>
			<key>children</key>
			<array>
				<string>D8A8A5BE1678E66D008DDF39</string>
				<string>D8A8A5CD1678E66D008DDF39</string>
				<string>D8A8A5CF1678E66D008DDF39</string>
			</array>
			<key>isa</key>
			<string>PBXGroup</string>
			<key>name</key>
			<string>Frameworks</string>
			<key>sourceTree</key>
			<string>&lt;group&gt;</string>
		</dict>
		<key>D8A8A5BE1678E66D008DDF39</key>
		<dict>
			<key>isa</key>
			<string>PBXFileReference</string>
			<key>lastKnownFileType</key>
			<string>wrapper.framework</string>
			<key>name</key>
			<string>Foundation.framework</string>
			<key>path</key>
			<string>System/Library/Frameworks/Foundation.framework</string>
			<key>sourceTree</key>
			<string>SDKROOT</string>
		</dict>
		<key>D8A8A5BF1678E66D008DDF39</key>
		<dict>
			<key>fileRef</key>
			<string>D8A8A5BE1678E66D008DDF39</string>
			<key>isa</key>
			<string>PBXBuildFile</string>
		</dict>
		<key>D8A8A5C01678E66D008DDF39</key>
		<dict>
			<key>children</key>
			<array>
				<string>D81D88EC168103F40042DB2C</string>
				<string>D81D88ED168103F40042DB2C</string>
				<string>D81D890E168114810042DB2C</string>
				<string>D81D890F168114810042DB2C</string>
				<string>D804F01E167C281900E73BC3</string>
				<string>D8A8A5C11678E66D008DDF39</string>
			</array>
			<key>isa</key>
			<string>PBXGroup</string>
			<key>path</key>
			<string>perka-client-objc</string>
			<key>sourceTree</key>
			<string>&lt;group&gt;</string>
		</dict>
		<key>D8A8A5C11678E66D008DDF39</key>
		<dict>
			<key>children</key>
			<array>
				<string>D8A8A5C21678E66D008DDF39</string>
			</array>
			<key>isa</key>
			<string>PBXGroup</string>
			<key>name</key>
			<string>Supporting Files</string>
			<key>sourceTree</key>
			<string>&lt;group&gt;</string>
		</dict>
		<key>D8A8A5C21678E66D008DDF39</key>
		<dict>
			<key>isa</key>
			<string>PBXFileReference</string>
			<key>lastKnownFileType</key>
			<string>sourcecode.c.h</string>
			<key>path</key>
			<string>perka-client-objc-Prefix.pch</string>
			<key>sourceTree</key>
			<string>&lt;group&gt;</string>
		</dict>
		<key>D8A8A5C71678E66D008DDF39</key>
		<dict>
			<key>buildActionMask</key>
			<string>2147483647</string>
			<key>files</key>
			<array>
				<string>D8A8A5DD1678E66D008DDF39</string>
			</array>
			<key>isa</key>
			<string>PBXSourcesBuildPhase</string>
			<key>runOnlyForDeploymentPostprocessing</key>
			<string>0</string>
		</dict>
		<key>D8A8A5C81678E66D008DDF39</key>
		<dict>
			<key>buildActionMask</key>
			<string>2147483647</string>
			<key>files</key>
			<array>
				<string>D8A8A5CE1678E66D008DDF39</string>
				<string>D8A8A5D01678E66D008DDF39</string>
				<string>D8A8A5D11678E66D008DDF39</string>
				<string>D8A8A5D41678E66D008DDF39</string>
			</array>
			<key>isa</key>
			<string>PBXFrameworksBuildPhase</string>
			<key>runOnlyForDeploymentPostprocessing</key>
			<string>0</string>
		</dict>
		<key>D8A8A5C91678E66D008DDF39</key>
		<dict>
			<key>buildActionMask</key>
			<string>2147483647</string>
			<key>files</key>
			<array>
				<string>D8A8A5DA1678E66D008DDF39</string>
			</array>
			<key>isa</key>
			<string>PBXResourcesBuildPhase</string>
			<key>runOnlyForDeploymentPostprocessing</key>
			<string>0</string>
		</dict>
		<key>D8A8A5CA1678E66D008DDF39</key>
		<dict>
			<key>buildActionMask</key>
			<string>2147483647</string>
			<key>files</key>
			<array/>
			<key>inputPaths</key>
			<array/>
			<key>isa</key>
			<string>PBXShellScriptBuildPhase</string>
			<key>outputPaths</key>
			<array/>
			<key>runOnlyForDeploymentPostprocessing</key>
			<string>0</string>
			<key>shellPath</key>
			<string>/bin/sh</string>
			<key>shellScript</key>
			<string># Run the unit tests in this test bundle.
"${SYSTEM_DEVELOPER_DIR}/Tools/RunUnitTests"
</string>
		</dict>
		<key>D8A8A5CB1678E66D008DDF39</key>
		<dict>
			<key>buildConfigurationList</key>
			<string>D8A8A5E31678E66D008DDF39</string>
			<key>buildPhases</key>
			<array>
				<string>D8A8A5C71678E66D008DDF39</string>
				<string>D8A8A5C81678E66D008DDF39</string>
				<string>D8A8A5C91678E66D008DDF39</string>
				<string>D8A8A5CA1678E66D008DDF39</string>
			</array>
			<key>buildRules</key>
			<array/>
			<key>dependencies</key>
			<array>
				<string>D8A8A5D31678E66D008DDF39</string>
			</array>
			<key>isa</key>
			<string>PBXNativeTarget</string>
			<key>name</key>
			<string>perka-client-objcTests</string>
			<key>productName</key>
			<string>perka-client-objcTests</string>
			<key>productReference</key>
			<string>D8A8A5CC1678E66D008DDF39</string>
			<key>productType</key>
			<string>com.apple.product-type.bundle</string>
		</dict>
		<key>D8A8A5CC1678E66D008DDF39</key>
		<dict>
			<key>explicitFileType</key>
			<string>wrapper.cfbundle</string>
			<key>includeInIndex</key>
			<string>0</string>
			<key>isa</key>
			<string>PBXFileReference</string>
			<key>path</key>
			<string>perka-client-objcTests.octest</string>
			<key>sourceTree</key>
			<string>BUILT_PRODUCTS_DIR</string>
		</dict>
		<key>D8A8A5CD1678E66D008DDF39</key>
		<dict>
			<key>isa</key>
			<string>PBXFileReference</string>
			<key>lastKnownFileType</key>
			<string>wrapper.framework</string>
			<key>name</key>
			<string>SenTestingKit.framework</string>
			<key>path</key>
			<string>Library/Frameworks/SenTestingKit.framework</string>
			<key>sourceTree</key>
			<string>DEVELOPER_DIR</string>
		</dict>
		<key>D8A8A5CE1678E66D008DDF39</key>
		<dict>
			<key>fileRef</key>
			<string>D8A8A5CD1678E66D008DDF39</string>
			<key>isa</key>
			<string>PBXBuildFile</string>
		</dict>
		<key>D8A8A5CF1678E66D008DDF39</key>
		<dict>
			<key>isa</key>
			<string>PBXFileReference</string>
			<key>lastKnownFileType</key>
			<string>wrapper.framework</string>
			<key>name</key>
			<string>UIKit.framework</string>
			<key>path</key>
			<string>Library/Frameworks/UIKit.framework</string>
			<key>sourceTree</key>
			<string>DEVELOPER_DIR</string>
		</dict>
		<key>D8A8A5D01678E66D008DDF39</key>
		<dict>
			<key>fileRef</key>
			<string>D8A8A5CF1678E66D008DDF39</string>
			<key>isa</key>
			<string>PBXBuildFile</string>
		</dict>
		<key>D8A8A5D11678E66D008DDF39</key>
		<dict>
			<key>fileRef</key>
			<string>D8A8A5BE1678E66D008DDF39</string>
			<key>isa</key>
			<string>PBXBuildFile</string>
		</dict>
		<key>D8A8A5D21678E66D008DDF39</key>
		<dict>
			<key>containerPortal</key>
			<string>D8A8A5B21678E66D008DDF39</string>
			<key>isa</key>
			<string>PBXContainerItemProxy</string>
			<key>proxyType</key>
			<string>1</string>
			<key>remoteGlobalIDString</key>
			<string>D8A8A5BA1678E66D008DDF39</string>
			<key>remoteInfo</key>
			<string>perka-client-objc</string>
		</dict>
		<key>D8A8A5D31678E66D008DDF39</key>
		<dict>
			<key>isa</key>
			<string>PBXTargetDependency</string>
			<key>target</key>
			<string>D8A8A5BA1678E66D008DDF39</string>
			<key>targetProxy</key>
			<string>D8A8A5D21678E66D008DDF39</string>
		</dict>
		<key>D8A8A5D41678E66D008DDF39</key>
		<dict>
			<key>fileRef</key>
			<string>D8A8A5BB1678E66D008DDF39</string>
			<key>isa</key>
			<string>PBXBuildFile</string>
		</dict>
		<key>D8A8A5D51678E66D008DDF39</key>
		<dict>
			<key>children</key>
			<array>
				<string>D8A8A5DB1678E66D008DDF39</string>
				<string>D8A8A5DC1678E66D008DDF39</string>
				<string>D8A8A5D61678E66D008DDF39</string>
			</array>
			<key>isa</key>
			<string>PBXGroup</string>
			<key>path</key>
			<string>perka-client-objcTests</string>
			<key>sourceTree</key>
			<string>&lt;group&gt;</string>
		</dict>
		<key>D8A8A5D61678E66D008DDF39</key>
		<dict>
			<key>children</key>
			<array>
				<string>D8A8A5D71678E66D008DDF39</string>
				<string>D8A8A5D81678E66D008DDF39</string>
			</array>
			<key>isa</key>
			<string>PBXGroup</string>
			<key>name</key>
			<string>Supporting Files</string>
			<key>sourceTree</key>
			<string>&lt;group&gt;</string>
		</dict>
		<key>D8A8A5D71678E66D008DDF39</key>
		<dict>
			<key>isa</key>
			<string>PBXFileReference</string>
			<key>lastKnownFileType</key>
			<string>text.plist.xml</string>
			<key>path</key>
			<string>perka-client-objcTests-Info.plist</string>
			<key>sourceTree</key>
			<string>&lt;group&gt;</string>
		</dict>
		<key>D8A8A5D81678E66D008DDF39</key>
		<dict>
			<key>children</key>
			<array>
				<string>D8A8A5D91678E66D008DDF39</string>
			</array>
			<key>isa</key>
			<string>PBXVariantGroup</string>
			<key>name</key>
			<string>InfoPlist.strings</string>
			<key>sourceTree</key>
			<string>&lt;group&gt;</string>
		</dict>
		<key>D8A8A5D91678E66D008DDF39</key>
		<dict>
			<key>isa</key>
			<string>PBXFileReference</string>
			<key>lastKnownFileType</key>
			<string>text.plist.strings</string>
			<key>name</key>
			<string>en</string>
			<key>path</key>
			<string>en.lproj/InfoPlist.strings</string>
			<key>sourceTree</key>
			<string>&lt;group&gt;</string>
		</dict>
		<key>D8A8A5DA1678E66D008DDF39</key>
		<dict>
			<key>fileRef</key>
			<string>D8A8A5D81678E66D008DDF39</string>
			<key>isa</key>
			<string>PBXBuildFile</string>
		</dict>
		<key>D8A8A5DB1678E66D008DDF39</key>
		<dict>
			<key>isa</key>
			<string>PBXFileReference</string>
			<key>lastKnownFileType</key>
			<string>sourcecode.c.h</string>
			<key>path</key>
			<string>perka_client_objcTests.h</string>
			<key>sourceTree</key>
			<string>&lt;group&gt;</string>
		</dict>
		<key>D8A8A5DC1678E66D008DDF39</key>
		<dict>
			<key>isa</key>
			<string>PBXFileReference</string>
			<key>lastKnownFileType</key>
			<string>sourcecode.c.objc</string>
			<key>path</key>
			<string>perka_client_objcTests.m</string>
			<key>sourceTree</key>
			<string>&lt;group&gt;</string>
		</dict>
		<key>D8A8A5DD1678E66D008DDF39</key>
		<dict>
			<key>fileRef</key>
			<string>D8A8A5DC1678E66D008DDF39</string>
			<key>isa</key>
			<string>PBXBuildFile</string>
		</dict>
		<key>D8A8A5DE1678E66D008DDF39</key>
		<dict>
			<key>buildSettings</key>
			<dict>
				<key>ALWAYS_SEARCH_USER_PATHS</key>
				<string>NO</string>
				<key>CLANG_CXX_LANGUAGE_STANDARD</key>
				<string>gnu++0x</string>
				<key>CLANG_CXX_LIBRARY</key>
				<string>libc++</string>
				<key>CLANG_ENABLE_OBJC_ARC</key>
				<string>YES</string>
				<key>CLANG_WARN_EMPTY_BODY</key>
				<string>YES</string>
				<key>CLANG_WARN__DUPLICATE_METHOD_MATCH</key>
				<string>YES</string>
				<key>COPY_PHASE_STRIP</key>
				<string>NO</string>
				<key>GCC_C_LANGUAGE_STANDARD</key>
				<string>gnu99</string>
				<key>GCC_DYNAMIC_NO_PIC</key>
				<string>NO</string>
				<key>GCC_OPTIMIZATION_LEVEL</key>
				<string>0</string>
				<key>GCC_PREPROCESSOR_DEFINITIONS</key>
				<array>
					<string>DEBUG=1</string>
					<string>$(inherited)</string>
				</array>
				<key>GCC_SYMBOLS_PRIVATE_EXTERN</key>
				<string>NO</string>
				<key>GCC_WARN_ABOUT_RETURN_TYPE</key>
				<string>YES</string>
				<key>GCC_WARN_UNINITIALIZED_AUTOS</key>
				<string>YES</string>
				<key>GCC_WARN_UNUSED_VARIABLE</key>
				<string>YES</string>
				<key>IPHONEOS_DEPLOYMENT_TARGET</key>
				<string>6.0</string>
				<key>ONLY_ACTIVE_ARCH</key>
				<string>YES</string>
				<key>SDKROOT</key>
				<string>iphoneos</string>
			</dict>
			<key>isa</key>
			<string>XCBuildConfiguration</string>
			<key>name</key>
			<string>Debug</string>
		</dict>
		<key>D8A8A5DF1678E66D008DDF39</key>
		<dict>
			<key>buildSettings</key>
			<dict>
				<key>ALWAYS_SEARCH_USER_PATHS</key>
				<string>NO</string>
				<key>CLANG_CXX_LANGUAGE_STANDARD</key>
				<string>gnu++0x</string>
				<key>CLANG_CXX_LIBRARY</key>
				<string>libc++</string>
				<key>CLANG_ENABLE_OBJC_ARC</key>
				<string>YES</string>
				<key>CLANG_WARN_EMPTY_BODY</key>
				<string>YES</string>
				<key>CLANG_WARN__DUPLICATE_METHOD_MATCH</key>
				<string>YES</string>
				<key>COPY_PHASE_STRIP</key>
				<string>YES</string>
				<key>GCC_C_LANGUAGE_STANDARD</key>
				<string>gnu99</string>
				<key>GCC_WARN_ABOUT_RETURN_TYPE</key>
				<string>YES</string>
				<key>GCC_WARN_UNINITIALIZED_AUTOS</key>
				<string>YES</string>
				<key>GCC_WARN_UNUSED_VARIABLE</key>
				<string>YES</string>
				<key>IPHONEOS_DEPLOYMENT_TARGET</key>
				<string>6.0</string>
				<key>SDKROOT</key>
				<string>iphoneos</string>
				<key>VALIDATE_PRODUCT</key>
				<string>YES</string>
			</dict>
			<key>isa</key>
			<string>XCBuildConfiguration</string>
			<key>name</key>
			<string>Release</string>
		</dict>
		<key>D8A8A5E01678E66D008DDF39</key>
		<dict>
			<key>buildConfigurations</key>
			<array>
				<string>D8A8A5E11678E66D008DDF39</string>
				<string>D8A8A5E21678E66D008DDF39</string>
			</array>
			<key>defaultConfigurationIsVisible</key>
			<string>0</string>
			<key>defaultConfigurationName</key>
			<string>Release</string>
			<key>isa</key>
			<string>XCConfigurationList</string>
		</dict>
		<key>D8A8A5E11678E66D008DDF39</key>
		<dict>
			<key>buildSettings</key>
			<dict>
				<key>ALWAYS_SEARCH_USER_PATHS</key>
				<string>YES</string>
				<key>DSTROOT</key>
				<string>/tmp/perka_client_objc.dst</string>
				<key>GCC_PRECOMPILE_PREFIX_HEADER</key>
				<string>YES</string>
				<key>GCC_PREFIX_HEADER</key>
				<string>perka-client-objc/perka-client-objc-Prefix.pch</string>
				<key>OTHER_LDFLAGS</key>
				<string>-ObjC</string>
				<key>PRODUCT_NAME</key>
				<string>$(TARGET_NAME)</string>
				<key>SKIP_INSTALL</key>
				<string>YES</string>
				<key>USER_HEADER_SEARCH_PATHS</key>
				<string>"$(SRCROOT)/../flatpack-objc/"/**</string>
			</dict>
			<key>isa</key>
			<string>XCBuildConfiguration</string>
			<key>name</key>
			<string>Debug</string>
		</dict>
		<key>D8A8A5E21678E66D008DDF39</key>
		<dict>
			<key>buildSettings</key>
			<dict>
				<key>ALWAYS_SEARCH_USER_PATHS</key>
				<string>YES</string>
				<key>DSTROOT</key>
				<string>/tmp/perka_client_objc.dst</string>
				<key>GCC_PRECOMPILE_PREFIX_HEADER</key>
				<string>YES</string>
				<key>GCC_PREFIX_HEADER</key>
				<string>perka-client-objc/perka-client-objc-Prefix.pch</string>
				<key>OTHER_LDFLAGS</key>
				<string>-ObjC</string>
				<key>PRODUCT_NAME</key>
				<string>$(TARGET_NAME)</string>
				<key>SKIP_INSTALL</key>
				<string>YES</string>
				<key>USER_HEADER_SEARCH_PATHS</key>
				<string>"$(SRCROOT)/../flatpack-objc/"/**</string>
			</dict>
			<key>isa</key>
			<string>XCBuildConfiguration</string>
			<key>name</key>
			<string>Release</string>
		</dict>
		<key>D8A8A5E31678E66D008DDF39</key>
		<dict>
			<key>buildConfigurations</key>
			<array>
				<string>D8A8A5E41678E66D008DDF39</string>
				<string>D8A8A5E51678E66D008DDF39</string>
			</array>
			<key>defaultConfigurationIsVisible</key>
			<string>0</string>
			<key>defaultConfigurationName</key>
			<string>Release</string>
			<key>isa</key>
			<string>XCConfigurationList</string>
		</dict>
		<key>D8A8A5E41678E66D008DDF39</key>
		<dict>
			<key>buildSettings</key>
			<dict>
				<key>FRAMEWORK_SEARCH_PATHS</key>
				<array>
					<string>"$(SDKROOT)/Developer/Library/Frameworks"</string>
					<string>"$(DEVELOPER_LIBRARY_DIR)/Frameworks"</string>
				</array>
				<key>GCC_PRECOMPILE_PREFIX_HEADER</key>
				<string>YES</string>
				<key>GCC_PREFIX_HEADER</key>
				<string>perka-client-objc/perka-client-objc-Prefix.pch</string>
				<key>INFOPLIST_FILE</key>
				<string>perka-client-objcTests/perka-client-objcTests-Info.plist</string>
				<key>OTHER_LDFLAGS</key>
				<array>
					<string>-Objc</string>
					<string>-all_load</string>
				</array>
				<key>PRODUCT_NAME</key>
				<string>$(TARGET_NAME)</string>
				<key>USER_HEADER_SEARCH_PATHS</key>
				<string>"$(SRCROOT)/../flatpack-objc/"/**</string>
				<key>WRAPPER_EXTENSION</key>
				<string>octest</string>
			</dict>
			<key>isa</key>
			<string>XCBuildConfiguration</string>
			<key>name</key>
			<string>Debug</string>
		</dict>
		<key>D8A8A5E51678E66D008DDF39</key>
		<dict>
			<key>buildSettings</key>
			<dict>
				<key>FRAMEWORK_SEARCH_PATHS</key>
				<array>
					<string>"$(SDKROOT)/Developer/Library/Frameworks"</string>
					<string>"$(DEVELOPER_LIBRARY_DIR)/Frameworks"</string>
				</array>
				<key>GCC_PRECOMPILE_PREFIX_HEADER</key>
				<string>YES</string>
				<key>GCC_PREFIX_HEADER</key>
				<string>perka-client-objc/perka-client-objc-Prefix.pch</string>
				<key>INFOPLIST_FILE</key>
				<string>perka-client-objcTests/perka-client-objcTests-Info.plist</string>
				<key>OTHER_LDFLAGS</key>
				<array>
					<string>-Objc</string>
					<string>-all_load</string>
				</array>
				<key>PRODUCT_NAME</key>
				<string>$(TARGET_NAME)</string>
				<key>USER_HEADER_SEARCH_PATHS</key>
				<string>"$(SRCROOT)/../flatpack-objc/"/**</string>
				<key>WRAPPER_EXTENSION</key>
				<string>octest</string>
			</dict>
			<key>isa</key>
			<string>XCBuildConfiguration</string>
			<key>name</key>
			<string>Release</string>
		</dict>
		<key>D8A8A6DB16792266008DDF39</key>
		<dict>
			<key>isa</key>
			<string>PBXFileReference</string>
			<key>lastKnownFileType</key>
			<string>wrapper.pb-project</string>
			<key>name</key>
			<string>flatpack-objc.xcodeproj</string>
			<key>path</key>
			<string>../flatpack-objc/flatpack-objc.xcodeproj</string>
			<key>sourceTree</key>
			<string>&lt;group&gt;</string>
		</dict>
		<key>D8A8A6DC16792266008DDF39</key>
		<dict>
			<key>children</key>
			<array>
				<string>D8A8A6E216792266008DDF39</string>
				<string>D8A8A6E416792266008DDF39</string>
				<string>D8F5BD39167D0FF70050F2CE</string>
			</array>
			<key>isa</key>
			<string>PBXGroup</string>
			<key>name</key>
			<string>Products</string>
			<key>sourceTree</key>
			<string>&lt;group&gt;</string>
		</dict>
		<key>D8A8A6E116792266008DDF39</key>
		<dict>
			<key>containerPortal</key>
			<string>D8A8A6DB16792266008DDF39</string>
			<key>isa</key>
			<string>PBXContainerItemProxy</string>
			<key>proxyType</key>
			<string>2</string>
			<key>remoteGlobalIDString</key>
			<string>D8BD1B6F166D03F7008AB3FF</string>
			<key>remoteInfo</key>
			<string>flatpack-objc</string>
		</dict>
		<key>D8A8A6E216792266008DDF39</key>
		<dict>
			<key>fileType</key>
			<string>archive.ar</string>
			<key>isa</key>
			<string>PBXReferenceProxy</string>
			<key>path</key>
			<string>libflatpack-objc.a</string>
			<key>remoteRef</key>
			<string>D8A8A6E116792266008DDF39</string>
			<key>sourceTree</key>
			<string>BUILT_PRODUCTS_DIR</string>
		</dict>
		<key>D8A8A6E316792266008DDF39</key>
		<dict>
			<key>containerPortal</key>
			<string>D8A8A6DB16792266008DDF39</string>
			<key>isa</key>
			<string>PBXContainerItemProxy</string>
			<key>proxyType</key>
			<string>2</string>
			<key>remoteGlobalIDString</key>
			<string>D8BD1B80166D03F7008AB3FF</string>
			<key>remoteInfo</key>
			<string>flatpack-objcTests</string>
		</dict>
		<key>D8A8A6E416792266008DDF39</key>
		<dict>
			<key>fileType</key>
			<string>wrapper.cfbundle</string>
			<key>isa</key>
			<string>PBXReferenceProxy</string>
			<key>path</key>
			<string>flatpack-objcTests.octest</string>
			<key>remoteRef</key>
			<string>D8A8A6E316792266008DDF39</string>
			<key>sourceTree</key>
			<string>BUILT_PRODUCTS_DIR</string>
		</dict>
		<key>D8F5BD38167D0FF70050F2CE</key>
		<dict>
			<key>containerPortal</key>
			<string>D8A8A6DB16792266008DDF39</string>
			<key>isa</key>
			<string>PBXContainerItemProxy</string>
			<key>proxyType</key>
			<string>2</string>
			<key>remoteGlobalIDString</key>
			<string>D8F5BD00167D0BDC0050F2CE</string>
			<key>remoteInfo</key>
			<string>codegen</string>
		</dict>
		<key>D8F5BD39167D0FF70050F2CE</key>
		<dict>
			<key>fileType</key>
			<string>compiled.mach-o.executable</string>
			<key>isa</key>
			<string>PBXReferenceProxy</string>
			<key>path</key>
			<string>codegen</string>
			<key>remoteRef</key>
			<string>D8F5BD38167D0FF70050F2CE</string>
			<key>sourceTree</key>
			<string>BUILT_PRODUCTS_DIR</string>
		</dict>
		<key>a34e36456058ad59c4528b42</key>
		<dict>
			<key>fileRef</key>
			<string>2d4d6d70ce29a5fc50a74433</string>
			<key>isa</key>
			<string>PBXBuildFile</string>
		</dict>
		<key>a35819d6696b92cfeb624913</key>
		<dict>
			<key>FileEncoding</key>
			<string>4</string>
			<key>isa</key>
			<string>PBXFileReference</string>
			<key>lastKnownFileType</key>
			<string>sourcecode.c.objc</string>
			<key>path</key>
			<string>PKReward.m</string>
			<key>sourceTree</key>
			<string>&lt;group&gt;</string>
		</dict>
		<key>a45f1967c14260067f45ca3b</key>
		<dict>
			<key>FileEncoding</key>
			<string>4</string>
			<key>isa</key>
			<string>PBXFileReference</string>
			<key>lastKnownFileType</key>
			<string>sourcecode.c.h</string>
			<key>path</key>
			<string>PKCompositeTarget.h</string>
			<key>sourceTree</key>
			<string>&lt;group&gt;</string>
		</dict>
		<key>a70751f385a2a12a67b9aeef</key>
		<dict>
			<key>FileEncoding</key>
			<string>4</string>
			<key>isa</key>
			<string>PBXFileReference</string>
			<key>lastKnownFileType</key>
			<string>sourcecode.c.objc</string>
			<key>path</key>
			<string>PKCoupon.m</string>
			<key>sourceTree</key>
			<string>&lt;group&gt;</string>
		</dict>
		<key>a7a2b82155e8a6c8192d6b39</key>
		<dict>
			<key>isa</key>
			<string>PBXBuildFile</string>
		</dict>
		<key>a7e1fcbfdb0e85f2e78be90b</key>
		<dict>
			<key>FileEncoding</key>
			<string>4</string>
			<key>isa</key>
			<string>PBXFileReference</string>
			<key>lastKnownFileType</key>
			<string>sourcecode.c.objc</string>
			<key>path</key>
			<string>PKOutboundMessage.m</string>
			<key>sourceTree</key>
			<string>&lt;group&gt;</string>
		</dict>
		<key>a81012379330eadc39f9b4af</key>
		<dict>
			<key>FileEncoding</key>
			<string>4</string>
			<key>isa</key>
			<string>PBXFileReference</string>
			<key>lastKnownFileType</key>
			<string>sourcecode.c.objc</string>
			<key>path</key>
			<string>PKListTarget.m</string>
			<key>sourceTree</key>
			<string>&lt;group&gt;</string>
		</dict>
		<key>a83bf54468600c7f3dd27296</key>
		<dict>
			<key>FileEncoding</key>
			<string>4</string>
			<key>isa</key>
			<string>PBXFileReference</string>
			<key>lastKnownFileType</key>
			<string>sourcecode.c.objc</string>
			<key>path</key>
			<string>PKMerchant.m</string>
			<key>sourceTree</key>
			<string>&lt;group&gt;</string>
		</dict>
		<key>ae78bc4ce4db413b5dd8e2cb</key>
		<dict>
			<key>isa</key>
			<string>PBXBuildFile</string>
		</dict>
		<key>ae9fc2cc5bcd7ecde7d21f8f</key>
		<dict>
			<key>isa</key>
			<string>PBXBuildFile</string>
		</dict>
		<key>af018e631fd22af851e15cb3</key>
		<dict>
			<key>fileRef</key>
			<string>a35819d6696b92cfeb624913</string>
			<key>isa</key>
			<string>PBXBuildFile</string>
		</dict>
		<key>af65b6abdc61666c762d351d</key>
		<dict>
			<key>FileEncoding</key>
			<string>4</string>
			<key>isa</key>
			<string>PBXFileReference</string>
			<key>lastKnownFileType</key>
			<string>sourcecode.c.objc</string>
			<key>path</key>
			<string>PKCouponTarget.m</string>
			<key>sourceTree</key>
			<string>&lt;group&gt;</string>
		</dict>
		<key>afda4b7b03d8737d2b04450d</key>
		<dict>
			<key>fileRef</key>
			<string>39be48ade450184e60a25916</string>
			<key>isa</key>
			<string>PBXBuildFile</string>
		</dict>
		<key>b2603d4a8941aaa780703dcd</key>
		<dict>
			<key>isa</key>
			<string>PBXBuildFile</string>
		</dict>
		<key>b2e4d9b63af1ecccdcdbaa15</key>
		<dict>
			<key>fileRef</key>
			<string>7df6ed490c5622a42a977f5d</string>
			<key>isa</key>
			<string>PBXBuildFile</string>
		</dict>
		<key>b3ba714a7b0add4588671b7a</key>
		<dict>
			<key>isa</key>
			<string>PBXBuildFile</string>
		</dict>
		<key>b4ccecae735b51a48057b5a4</key>
		<dict>
			<key>FileEncoding</key>
			<string>4</string>
			<key>isa</key>
			<string>PBXFileReference</string>
			<key>lastKnownFileType</key>
			<string>sourcecode.c.h</string>
			<key>path</key>
			<string>PKTierTraversal.h</string>
			<key>sourceTree</key>
			<string>&lt;group&gt;</string>
		</dict>
		<key>b4e32ac83faa700f73eb2331</key>
		<dict>
			<key>FileEncoding</key>
			<string>4</string>
			<key>isa</key>
			<string>PBXFileReference</string>
			<key>lastKnownFileType</key>
			<string>sourcecode.c.objc</string>
			<key>path</key>
			<string>PKCouponRedemption.m</string>
			<key>sourceTree</key>
			<string>&lt;group&gt;</string>
		</dict>
		<key>b4eaccee5e6592b6304efb6e</key>
		<dict>
			<key>FileEncoding</key>
			<string>4</string>
			<key>isa</key>
			<string>PBXFileReference</string>
			<key>lastKnownFileType</key>
			<string>sourcecode.c.h</string>
			<key>path</key>
			<string>PKCouponTarget.h</string>
			<key>sourceTree</key>
			<string>&lt;group&gt;</string>
		</dict>
		<key>b718b4c84e7b3b1137a9c466</key>
		<dict>
			<key>isa</key>
			<string>PBXBuildFile</string>
		</dict>
		<key>b940efe5eb71246820d2a8a7</key>
		<dict>
			<key>fileRef</key>
			<string>a7e1fcbfdb0e85f2e78be90b</string>
			<key>isa</key>
			<string>PBXBuildFile</string>
		</dict>
		<key>b9b245461a0ceeaa141aa001</key>
		<dict>
			<key>FileEncoding</key>
			<string>4</string>
			<key>isa</key>
			<string>PBXFileReference</string>
			<key>lastKnownFileType</key>
			<string>sourcecode.c.objc</string>
			<key>path</key>
			<string>PKPunchRewardConfirmation.m</string>
			<key>sourceTree</key>
			<string>&lt;group&gt;</string>
		</dict>
		<key>ba6f307195fa0a5fb4460f71</key>
		<dict>
			<key>isa</key>
			<string>PBXBuildFile</string>
		</dict>
		<key>baa35f1bd4c37394347676b5</key>
		<dict>
			<key>isa</key>
			<string>PBXBuildFile</string>
		</dict>
		<key>bb27007240b8b489ca10ec4a</key>
		<dict>
			<key>isa</key>
			<string>PBXBuildFile</string>
		</dict>
		<key>bc762df92426e1b2c84d9f4c</key>
		<dict>
			<key>FileEncoding</key>
			<string>4</string>
			<key>isa</key>
			<string>PBXFileReference</string>
			<key>lastKnownFileType</key>
			<string>sourcecode.c.h</string>
			<key>path</key>
			<string>PKSmsOutboundMessage.h</string>
			<key>sourceTree</key>
			<string>&lt;group&gt;</string>
		</dict>
		<key>c1074e61c3fb4d8995d49812</key>
		<dict>
			<key>FileEncoding</key>
			<string>4</string>
			<key>isa</key>
			<string>PBXFileReference</string>
			<key>lastKnownFileType</key>
			<string>sourcecode.c.objc</string>
			<key>path</key>
			<string>PKSocialServiceSubscription.m</string>
			<key>sourceTree</key>
			<string>&lt;group&gt;</string>
		</dict>
		<key>c22a8af469822c97da0bcb9b</key>
		<dict>
			<key>FileEncoding</key>
			<string>4</string>
			<key>isa</key>
			<string>PBXFileReference</string>
			<key>lastKnownFileType</key>
			<string>sourcecode.c.h</string>
			<key>path</key>
			<string>PKCannedEmailOutboundMessage.h</string>
			<key>sourceTree</key>
			<string>&lt;group&gt;</string>
		</dict>
		<key>c2e8ef1756326c021d19efcb</key>
		<dict>
			<key>fileRef</key>
			<string>86f19ff6f4371f4da96267b8</string>
			<key>isa</key>
			<string>PBXBuildFile</string>
		</dict>
		<key>c5e16e0ecd70d8cd19066b36</key>
		<dict>
			<key>isa</key>
			<string>PBXBuildFile</string>
		</dict>
		<key>c8436dce1e25fbb374a0f018</key>
		<dict>
			<key>fileRef</key>
			<string>db3d4ef8871611cce735b0f7</string>
			<key>isa</key>
			<string>PBXBuildFile</string>
		</dict>
		<key>c990a7ea3e26cc9744cbf2b8</key>
		<dict>
			<key>FileEncoding</key>
			<string>4</string>
			<key>isa</key>
			<string>PBXFileReference</string>
			<key>lastKnownFileType</key>
			<string>sourcecode.c.objc</string>
			<key>path</key>
			<string>PKRedemptionCouponConfirmation.m</string>
			<key>sourceTree</key>
			<string>&lt;group&gt;</string>
		</dict>
		<key>ca2e273ba97bb42eca21e7e1</key>
		<dict>
			<key>fileRef</key>
			<string>47537a57e7bca31bcb779501</string>
			<key>isa</key>
			<string>PBXBuildFile</string>
		</dict>
		<key>caba168945575511f1ab1444</key>
		<dict>
			<key>FileEncoding</key>
			<string>4</string>
			<key>isa</key>
			<string>PBXFileReference</string>
			<key>lastKnownFileType</key>
			<string>sourcecode.c.h</string>
			<key>path</key>
			<string>PKCustomer.h</string>
			<key>sourceTree</key>
			<string>&lt;group&gt;</string>
		</dict>
		<key>caf6c87c000d5444a91a243e</key>
		<dict>
			<key>isa</key>
			<string>PBXBuildFile</string>
		</dict>
		<key>cd50fe8cf7ecd8ef485d4150</key>
		<dict>
			<key>fileRef</key>
			<string>817e564bee74b5655f4a74c6</string>
			<key>isa</key>
			<string>PBXBuildFile</string>
		</dict>
		<key>ce9b8edcc31971ac8aa705ce</key>
		<dict>
			<key>FileEncoding</key>
			<string>4</string>
			<key>isa</key>
			<string>PBXFileReference</string>
			<key>lastKnownFileType</key>
			<string>sourcecode.c.objc</string>
			<key>path</key>
			<string>PKMerchantCapability.m</string>
			<key>sourceTree</key>
			<string>&lt;group&gt;</string>
		</dict>
		<key>cf2282ed0cd0b2dddcb3f9c5</key>
		<dict>
			<key>isa</key>
			<string>PBXBuildFile</string>
		</dict>
		<key>cff720253a06de5c8a687144</key>
		<dict>
			<key>isa</key>
			<string>PBXBuildFile</string>
		</dict>
		<key>d14f2a7f0f1ca4fb2eebefe4</key>
		<dict>
			<key>isa</key>
			<string>PBXBuildFile</string>
		</dict>
		<key>d37382b80bcc30c1abd71d9a</key>
		<dict>
			<key>isa</key>
			<string>PBXBuildFile</string>
		</dict>
		<key>d436218f0cf54821fa3cf6ea</key>
		<dict>
			<key>FileEncoding</key>
			<string>4</string>
			<key>isa</key>
			<string>PBXFileReference</string>
			<key>lastKnownFileType</key>
			<string>sourcecode.c.h</string>
			<key>path</key>
			<string>PKAbstractUser.h</string>
			<key>sourceTree</key>
			<string>&lt;group&gt;</string>
		</dict>
		<key>d630b9023ecb3eaf8fec34e0</key>
		<dict>
			<key>FileEncoding</key>
			<string>4</string>
			<key>isa</key>
			<string>PBXFileReference</string>
			<key>lastKnownFileType</key>
			<string>sourcecode.c.h</string>
			<key>path</key>
			<string>PKParticipationTarget.h</string>
			<key>sourceTree</key>
			<string>&lt;group&gt;</string>
		</dict>
		<key>d7558a776c90ca8ac4041822</key>
		<dict>
			<key>fileRef</key>
			<string>4e47367b534111459f79aee4</string>
			<key>isa</key>
			<string>PBXBuildFile</string>
		</dict>
		<key>d79b4bf41640c88b590ea6c9</key>
		<dict>
			<key>FileEncoding</key>
			<string>4</string>
			<key>isa</key>
			<string>PBXFileReference</string>
			<key>lastKnownFileType</key>
			<string>sourcecode.c.h</string>
			<key>path</key>
			<string>PKMerchantCapability.h</string>
			<key>sourceTree</key>
			<string>&lt;group&gt;</string>
		</dict>
		<key>d7fdef487585e3dc7691eee2</key>
		<dict>
			<key>isa</key>
			<string>PBXBuildFile</string>
		</dict>
		<key>d98b5346c96b7798aaaa2dab</key>
		<dict>
			<key>FileEncoding</key>
			<string>4</string>
			<key>isa</key>
			<string>PBXFileReference</string>
			<key>lastKnownFileType</key>
			<string>sourcecode.c.objc</string>
			<key>path</key>
			<string>PKProgramTier.m</string>
			<key>sourceTree</key>
			<string>&lt;group&gt;</string>
		</dict>
		<key>d9a093b395749ba82b8e0207</key>
		<dict>
			<key>isa</key>
			<string>PBXBuildFile</string>
		</dict>
		<key>d9ba8631ae43a516aba63325</key>
		<dict>
			<key>FileEncoding</key>
			<string>4</string>
			<key>isa</key>
			<string>PBXFileReference</string>
			<key>lastKnownFileType</key>
			<string>sourcecode.c.objc</string>
			<key>path</key>
			<string>PKCouponCampaign.m</string>
			<key>sourceTree</key>
			<string>&lt;group&gt;</string>
		</dict>
		<key>da3dc8d6b482824ad48a934a</key>
		<dict>
			<key>fileRef</key>
			<string>af65b6abdc61666c762d351d</string>
			<key>isa</key>
			<string>PBXBuildFile</string>
		</dict>
		<key>dae0cc31988421f67adc88e5</key>
		<dict>
			<key>fileRef</key>
			<string>fb98cd0b5326a2c545140525</string>
			<key>isa</key>
			<string>PBXBuildFile</string>
		</dict>
		<key>db3d4ef8871611cce735b0f7</key>
		<dict>
			<key>FileEncoding</key>
			<string>4</string>
			<key>isa</key>
			<string>PBXFileReference</string>
			<key>lastKnownFileType</key>
			<string>sourcecode.c.objc</string>
			<key>path</key>
			<string>PKProgramType.m</string>
			<key>sourceTree</key>
			<string>&lt;group&gt;</string>
		</dict>
		<key>dc0e85e9f453091205c38969</key>
		<dict>
			<key>FileEncoding</key>
			<string>4</string>
			<key>isa</key>
			<string>PBXFileReference</string>
			<key>lastKnownFileType</key>
			<string>sourcecode.c.objc</string>
			<key>path</key>
			<string>PKCustomerDevice.m</string>
			<key>sourceTree</key>
			<string>&lt;group&gt;</string>
		</dict>
		<key>dc102a552bdacecf50d2d133</key>
		<dict>
			<key>FileEncoding</key>
			<string>4</string>
			<key>isa</key>
			<string>PBXFileReference</string>
			<key>lastKnownFileType</key>
			<string>sourcecode.c.objc</string>
			<key>path</key>
			<string>PKEverybodyTarget.m</string>
			<key>sourceTree</key>
			<string>&lt;group&gt;</string>
		</dict>
		<key>dcf0afe4dd462788c37d29f6</key>
		<dict>
			<key>FileEncoding</key>
			<string>4</string>
			<key>isa</key>
			<string>PBXFileReference</string>
			<key>lastKnownFileType</key>
			<string>sourcecode.c.objc</string>
			<key>path</key>
			<string>PKUserCredentials.m</string>
			<key>sourceTree</key>
			<string>&lt;group&gt;</string>
		</dict>
		<key>dd6eb0f67f6f347fd4dff100</key>
		<dict>
			<key>FileEncoding</key>
			<string>4</string>
			<key>isa</key>
			<string>PBXFileReference</string>
			<key>lastKnownFileType</key>
			<string>sourcecode.c.h</string>
			<key>path</key>
			<string>PKReward.h</string>
			<key>sourceTree</key>
			<string>&lt;group&gt;</string>
		</dict>
		<key>dd8afc70572ab91f1c3e1113</key>
		<dict>
			<key>FileEncoding</key>
			<string>4</string>
			<key>isa</key>
			<string>PBXFileReference</string>
			<key>lastKnownFileType</key>
			<string>sourcecode.c.objc</string>
			<key>path</key>
			<string>PKIdleCustomerTarget.m</string>
			<key>sourceTree</key>
			<string>&lt;group&gt;</string>
		</dict>
		<key>e065c8da2743c167e3d4692c</key>
		<dict>
			<key>FileEncoding</key>
			<string>4</string>
			<key>isa</key>
			<string>PBXFileReference</string>
			<key>lastKnownFileType</key>
			<string>sourcecode.c.objc</string>
			<key>path</key>
			<string>PKTierTarget.m</string>
			<key>sourceTree</key>
			<string>&lt;group&gt;</string>
		</dict>
		<key>e45847974133cb95fa337e16</key>
		<dict>
			<key>fileRef</key>
			<string>3baa457fa159b8ca1b46d37c</string>
			<key>isa</key>
			<string>PBXBuildFile</string>
		</dict>
		<key>e7cf5802d4ef85cacbad41d4</key>
		<dict>
			<key>isa</key>
			<string>PBXBuildFile</string>
		</dict>
		<key>e8095c5704461063d3db665c</key>
		<dict>
			<key>isa</key>
			<string>PBXBuildFile</string>
		</dict>
		<key>e8bfd24ab5c12c6f9eebf675</key>
		<dict>
			<key>fileRef</key>
			<string>dcf0afe4dd462788c37d29f6</string>
			<key>isa</key>
			<string>PBXBuildFile</string>
		</dict>
		<key>ea5d18f2885c0f1da1061989</key>
		<dict>
			<key>FileEncoding</key>
			<string>4</string>
			<key>isa</key>
			<string>PBXFileReference</string>
			<key>lastKnownFileType</key>
			<string>sourcecode.c.objc</string>
			<key>path</key>
			<string>PKRewardGrant.m</string>
			<key>sourceTree</key>
			<string>&lt;group&gt;</string>
		</dict>
		<key>ed71509cfb508687b98b6774</key>
		<dict>
			<key>fileRef</key>
			<string>26e556f50529a0e27a1b9214</string>
			<key>isa</key>
			<string>PBXBuildFile</string>
		</dict>
		<key>edeb178af577c7ad551236ae</key>
		<dict>
			<key>FileEncoding</key>
			<string>4</string>
			<key>isa</key>
			<string>PBXFileReference</string>
			<key>lastKnownFileType</key>
			<string>sourcecode.c.h</string>
			<key>path</key>
			<string>PKListTarget.h</string>
			<key>sourceTree</key>
			<string>&lt;group&gt;</string>
		</dict>
		<key>ef5eb3b8eeb678771f0b4ed5</key>
		<dict>
			<key>FileEncoding</key>
			<string>4</string>
			<key>isa</key>
			<string>PBXFileReference</string>
			<key>lastKnownFileType</key>
			<string>sourcecode.c.h</string>
			<key>path</key>
			<string>PKStreetAddress.h</string>
			<key>sourceTree</key>
			<string>&lt;group&gt;</string>
		</dict>
		<key>efdf74ef2e0f2294f6d0ac43</key>
		<dict>
			<key>FileEncoding</key>
			<string>4</string>
			<key>isa</key>
			<string>PBXFileReference</string>
			<key>lastKnownFileType</key>
			<string>sourcecode.c.h</string>
			<key>path</key>
			<string>PKUserCredentials.h</string>
			<key>sourceTree</key>
			<string>&lt;group&gt;</string>
		</dict>
		<key>f00a030ad99ad014560203d3</key>
		<dict>
			<key>fileRef</key>
			<string>7ccb2bfb9a67ea94fc2cccea</string>
			<key>isa</key>
			<string>PBXBuildFile</string>
		</dict>
		<key>f46987707322d3338b6e3d3a</key>
		<dict>
			<key>FileEncoding</key>
			<string>4</string>
			<key>isa</key>
			<string>PBXFileReference</string>
			<key>lastKnownFileType</key>
			<string>sourcecode.c.objc</string>
			<key>path</key>
			<string>PKVisit.m</string>
			<key>sourceTree</key>
			<string>&lt;group&gt;</string>
		</dict>
		<key>f72df4d9c9d0cda215f1b702</key>
		<dict>
			<key>FileEncoding</key>
			<string>4</string>
			<key>isa</key>
			<string>PBXFileReference</string>
			<key>lastKnownFileType</key>
			<string>sourcecode.c.objc</string>
			<key>path</key>
			<string>PKCustomer.m</string>
			<key>sourceTree</key>
			<string>&lt;group&gt;</string>
		</dict>
		<key>f7bb248d521e2932abe55ef7</key>
		<dict>
			<key>isa</key>
			<string>PBXBuildFile</string>
		</dict>
		<key>f80e6d5c005f721ebc1e67e7</key>
		<dict>
			<key>FileEncoding</key>
			<string>4</string>
			<key>isa</key>
			<string>PBXFileReference</string>
			<key>lastKnownFileType</key>
			<string>sourcecode.c.h</string>
			<key>path</key>
			<string>PKMerchantDevice.h</string>
			<key>sourceTree</key>
			<string>&lt;group&gt;</string>
		</dict>
		<key>f8b73ebb03dad4264edcaa21</key>
		<dict>
			<key>fileRef</key>
			<string>5db80da6cc75506bb68f4c1a</string>
			<key>isa</key>
			<string>PBXBuildFile</string>
		</dict>
		<key>f99b017fc17247fb27264de4</key>
		<dict>
			<key>isa</key>
			<string>PBXBuildFile</string>
		</dict>
		<key>fa52023d9510712a3bf45d3f</key>
		<dict>
			<key>fileRef</key>
			<string>ea5d18f2885c0f1da1061989</string>
			<key>isa</key>
			<string>PBXBuildFile</string>
		</dict>
		<key>faf79826257796e7f5399500</key>
		<dict>
			<key>FileEncoding</key>
			<string>4</string>
			<key>isa</key>
			<string>PBXFileReference</string>
			<key>lastKnownFileType</key>
			<string>sourcecode.c.h</string>
			<key>path</key>
			<string>PKLikeToUnlockTarget.h</string>
			<key>sourceTree</key>
			<string>&lt;group&gt;</string>
		</dict>
		<key>fb391e42c9e3066b77ea0787</key>
		<dict>
			<key>fileRef</key>
			<string>7ce95de0df5590ae0df23933</string>
			<key>isa</key>
			<string>PBXBuildFile</string>
		</dict>
		<key>fb5f3e166ca93b3f21b336a8</key>
		<dict>
			<key>isa</key>
			<string>PBXBuildFile</string>
		</dict>
		<key>fb98cd0b5326a2c545140525</key>
		<dict>
			<key>FileEncoding</key>
			<string>4</string>
			<key>isa</key>
			<string>PBXFileReference</string>
			<key>lastKnownFileType</key>
			<string>sourcecode.c.objc</string>
			<key>path</key>
			<string>PKYieldManagementTarget.m</string>
			<key>sourceTree</key>
			<string>&lt;group&gt;</string>
		</dict>
		<key>fc93fa148bac344e52451c9a</key>
		<dict>
			<key>FileEncoding</key>
			<string>4</string>
			<key>isa</key>
			<string>PBXFileReference</string>
			<key>lastKnownFileType</key>
			<string>sourcecode.c.objc</string>
			<key>path</key>
			<string>PKRewardAdvancement.m</string>
			<key>sourceTree</key>
			<string>&lt;group&gt;</string>
		</dict>
		<key>fd58638e9f32e307150dd0f5</key>
		<dict>
			<key>FileEncoding</key>
			<string>4</string>
			<key>isa</key>
			<string>PBXFileReference</string>
			<key>lastKnownFileType</key>
			<string>sourcecode.c.objc</string>
			<key>path</key>
			<string>PKCannedEmailOutboundMessage.m</string>
			<key>sourceTree</key>
			<string>&lt;group&gt;</string>
		</dict>
		<key>ffd6859f371c0b4c8ef19afb</key>
		<dict>
			<key>FileEncoding</key>
			<string>4</string>
			<key>isa</key>
			<string>PBXFileReference</string>
			<key>lastKnownFileType</key>
			<string>sourcecode.c.objc</string>
			<key>path</key>
			<string>PKAbstractRewardConfirmation.m</string>
			<key>sourceTree</key>
			<string>&lt;group&gt;</string>
		</dict>
		<key>ffe5753adf8fbe7684d40100</key>
		<dict>
			<key>FileEncoding</key>
			<string>4</string>
			<key>isa</key>
			<string>PBXFileReference</string>
			<key>lastKnownFileType</key>
			<string>sourcecode.c.h</string>
			<key>path</key>
			<string>PKEntityAnnotation.h</string>
			<key>sourceTree</key>
			<string>&lt;group&gt;</string>
		</dict>
	</dict>
	<key>rootObject</key>
	<string>D8A8A5B21678E66D008DDF39</string>
</dict>
</plist>
